// !$*UTF8*$!
{
	archiveVersion = 1;
	classes = {
	};
	objectVersion = 56;
	objects = {

/* Begin PBXBuildFile section */
		0456F63A295AD7EE002389F6 /* HomeMenuView.swift in Sources */ = {isa = PBXBuildFile; fileRef = 0456F639295AD7EE002389F6 /* HomeMenuView.swift */; };
		0456F63C295AD7F7002389F6 /* NotebookView.swift in Sources */ = {isa = PBXBuildFile; fileRef = 0456F63B295AD7F7002389F6 /* NotebookView.swift */; };
		047525AC295C0FAF004B0F37 /* ButtonModifier.swift in Sources */ = {isa = PBXBuildFile; fileRef = 047525AB295C0FAF004B0F37 /* ButtonModifier.swift */; };
		18ECD478295AB68700670B6F /* ShoppingBackView.swift in Sources */ = {isa = PBXBuildFile; fileRef = 18ECD477295AB68700670B6F /* ShoppingBackView.swift */; };
		18ECD47C295AC41F00670B6F /* ShoppingBackDetailView.swift in Sources */ = {isa = PBXBuildFile; fileRef = 18ECD47B295AC41F00670B6F /* ShoppingBackDetailView.swift */; };
		3C2B1D0E295B1B8B00B012E6 /* CreateReviewView.swift in Sources */ = {isa = PBXBuildFile; fileRef = 3C2B1D0D295B1B8B00B012E6 /* CreateReviewView.swift */; };
		6713F70F295B2386009ABA8C /* SignUpViewModel.swift in Sources */ = {isa = PBXBuildFile; fileRef = 6713F70E295B2386009ABA8C /* SignUpViewModel.swift */; };
		67C798B5295BD09100E13A16 /* PopupView in Frameworks */ = {isa = PBXBuildFile; productRef = 67C798B4295BD09100E13A16 /* PopupView */; };
		67C798B7295C0F8000E13A16 /* SafariView.swift in Sources */ = {isa = PBXBuildFile; fileRef = 67C798B6295C0F8000E13A16 /* SafariView.swift */; };
		68C75ADF295C1DDF00ABC20A /* GoogleService-Info.plist in Resources */ = {isa = PBXBuildFile; fileRef = 68C75ADE295C1DDF00ABC20A /* GoogleService-Info.plist */; };
		7605A193295AD0BA00F24D7E /* MyPageUserModel.swift in Sources */ = {isa = PBXBuildFile; fileRef = 7605A192295AD0BA00F24D7E /* MyPageUserModel.swift */; };
		9556A45B295AC31F00FD8E1F /* MyPageInfo+ViewModifiers.swift in Sources */ = {isa = PBXBuildFile; fileRef = 9556A456295AC31E00FD8E1F /* MyPageInfo+ViewModifiers.swift */; };
		9556A45C295AC31F00FD8E1F /* MyPageInfoEditCheckingView.swift in Sources */ = {isa = PBXBuildFile; fileRef = 9556A457295AC31E00FD8E1F /* MyPageInfoEditCheckingView.swift */; };
		9556A45D295AC31F00FD8E1F /* MyPageInfoView.swift in Sources */ = {isa = PBXBuildFile; fileRef = 9556A458295AC31E00FD8E1F /* MyPageInfoView.swift */; };
		9556A45E295AC31F00FD8E1F /* MyPageInfoDetailView.swift in Sources */ = {isa = PBXBuildFile; fileRef = 9556A459295AC31E00FD8E1F /* MyPageInfoDetailView.swift */; };
		9556A45F295AC31F00FD8E1F /* MyPageInfoEditView.swift in Sources */ = {isa = PBXBuildFile; fileRef = 9556A45A295AC31E00FD8E1F /* MyPageInfoEditView.swift */; };
		A7421064295B117A005AEC9C /* MyReview.swift in Sources */ = {isa = PBXBuildFile; fileRef = A742105B295B117A005AEC9C /* MyReview.swift */; };
		A7421065295B117A005AEC9C /* CardView.swift in Sources */ = {isa = PBXBuildFile; fileRef = A742105C295B117A005AEC9C /* CardView.swift */; };
		A7421066295B117A005AEC9C /* MyRecentView.swift in Sources */ = {isa = PBXBuildFile; fileRef = A742105E295B117A005AEC9C /* MyRecentView.swift */; };
		A7421067295B117A005AEC9C /* RecentDetailView.swift in Sources */ = {isa = PBXBuildFile; fileRef = A742105F295B117A005AEC9C /* RecentDetailView.swift */; };
		A7421068295B117A005AEC9C /* DurationSettingView.swift in Sources */ = {isa = PBXBuildFile; fileRef = A7421060295B117A005AEC9C /* DurationSettingView.swift */; };
		A7421069295B117A005AEC9C /* MyQuestionView.swift in Sources */ = {isa = PBXBuildFile; fileRef = A7421062295B117A005AEC9C /* MyQuestionView.swift */; };
		A742106A295B117A005AEC9C /* QuestionDetailView.swift in Sources */ = {isa = PBXBuildFile; fileRef = A7421063295B117A005AEC9C /* QuestionDetailView.swift */; };
		A742106E295B40A0005AEC9C /* TermType.swift in Sources */ = {isa = PBXBuildFile; fileRef = A742106D295B40A0005AEC9C /* TermType.swift */; };
		A77EE661295A9A5100B6AA64 /* big_project_a_customer_iosApp.swift in Sources */ = {isa = PBXBuildFile; fileRef = A77EE660295A9A5100B6AA64 /* big_project_a_customer_iosApp.swift */; };
		A77EE663295A9A5100B6AA64 /* ContentView.swift in Sources */ = {isa = PBXBuildFile; fileRef = A77EE662295A9A5100B6AA64 /* ContentView.swift */; };
		A77EE665295A9A5200B6AA64 /* Assets.xcassets in Resources */ = {isa = PBXBuildFile; fileRef = A77EE664295A9A5200B6AA64 /* Assets.xcassets */; };
		A77EE668295A9A5200B6AA64 /* Preview Assets.xcassets in Resources */ = {isa = PBXBuildFile; fileRef = A77EE667295A9A5200B6AA64 /* Preview Assets.xcassets */; };
		A77EE670295A9A9400B6AA64 /* FirebaseAuth in Frameworks */ = {isa = PBXBuildFile; productRef = A77EE66F295A9A9400B6AA64 /* FirebaseAuth */; };
		A77EE672295A9A9400B6AA64 /* FirebaseFirestore in Frameworks */ = {isa = PBXBuildFile; productRef = A77EE671295A9A9400B6AA64 /* FirebaseFirestore */; };
		A77EE674295A9A9400B6AA64 /* FirebaseFirestoreSwift in Frameworks */ = {isa = PBXBuildFile; productRef = A77EE673295A9A9400B6AA64 /* FirebaseFirestoreSwift */; };
		C0D4BDD7295BD0BA002A0083 /* ProductDetailModifiers.swift in Sources */ = {isa = PBXBuildFile; fileRef = C0D4BDD4295BD0BA002A0083 /* ProductDetailModifiers.swift */; };
		C0D4BDD8295BD0BA002A0083 /* ProductDetailModalView.swift in Sources */ = {isa = PBXBuildFile; fileRef = C0D4BDD5295BD0BA002A0083 /* ProductDetailModalView.swift */; };
		C0D4BDD9295BD0BA002A0083 /* ProductDetailView.swift in Sources */ = {isa = PBXBuildFile; fileRef = C0D4BDD6295BD0BA002A0083 /* ProductDetailView.swift */; };
		C4961A5F295AAEF4009CB1EC /* LoginView.swift in Sources */ = {isa = PBXBuildFile; fileRef = C4961A5E295AAEF4009CB1EC /* LoginView.swift */; };
		C4961A61295AAF25009CB1EC /* SignUpView.swift in Sources */ = {isa = PBXBuildFile; fileRef = C4961A60295AAF25009CB1EC /* SignUpView.swift */; };
		C4961A63295AAFBC009CB1EC /* SignUpStep1View.swift in Sources */ = {isa = PBXBuildFile; fileRef = C4961A62295AAFBC009CB1EC /* SignUpStep1View.swift */; };
		C4961A65295AAFC8009CB1EC /* SignUpStep2View.swift in Sources */ = {isa = PBXBuildFile; fileRef = C4961A64295AAFC8009CB1EC /* SignUpStep2View.swift */; };
		EAA1A145295ACFE400E84C36 /* CouponView.swift in Sources */ = {isa = PBXBuildFile; fileRef = EAA1A144295ACFE400E84C36 /* CouponView.swift */; };
		EAA1A147295AD14400E84C36 /* LikedProductsView.swift in Sources */ = {isa = PBXBuildFile; fileRef = EAA1A146295AD14400E84C36 /* LikedProductsView.swift */; };
		EAA1A149295AD1CB00E84C36 /* PurchaseHistoryView.swift in Sources */ = {isa = PBXBuildFile; fileRef = EAA1A148295AD1CB00E84C36 /* PurchaseHistoryView.swift */; };
		EAA1A14B295AD3EF00E84C36 /* MyPageLike+ViewModifiers.swift in Sources */ = {isa = PBXBuildFile; fileRef = EAA1A14A295AD3EF00E84C36 /* MyPageLike+ViewModifiers.swift */; };
		EAA1A14D295BD0C400E84C36 /* PurchaseHistoryDetailView.swift in Sources */ = {isa = PBXBuildFile; fileRef = EAA1A14C295BD0C400E84C36 /* PurchaseHistoryDetailView.swift */; };
/* End PBXBuildFile section */

/* Begin PBXFileReference section */
		0456F639295AD7EE002389F6 /* HomeMenuView.swift */ = {isa = PBXFileReference; lastKnownFileType = sourcecode.swift; path = HomeMenuView.swift; sourceTree = "<group>"; };
		0456F63B295AD7F7002389F6 /* NotebookView.swift */ = {isa = PBXFileReference; lastKnownFileType = sourcecode.swift; path = NotebookView.swift; sourceTree = "<group>"; };
		047525AB295C0FAF004B0F37 /* ButtonModifier.swift */ = {isa = PBXFileReference; lastKnownFileType = sourcecode.swift; path = ButtonModifier.swift; sourceTree = "<group>"; };
		18ECD477295AB68700670B6F /* ShoppingBackView.swift */ = {isa = PBXFileReference; lastKnownFileType = sourcecode.swift; path = ShoppingBackView.swift; sourceTree = "<group>"; };
		18ECD47B295AC41F00670B6F /* ShoppingBackDetailView.swift */ = {isa = PBXFileReference; lastKnownFileType = sourcecode.swift; path = ShoppingBackDetailView.swift; sourceTree = "<group>"; };
		3C2B1D0D295B1B8B00B012E6 /* CreateReviewView.swift */ = {isa = PBXFileReference; lastKnownFileType = sourcecode.swift; path = CreateReviewView.swift; sourceTree = "<group>"; };
		6713F70E295B2386009ABA8C /* SignUpViewModel.swift */ = {isa = PBXFileReference; lastKnownFileType = sourcecode.swift; path = SignUpViewModel.swift; sourceTree = "<group>"; };
		67C798B6295C0F8000E13A16 /* SafariView.swift */ = {isa = PBXFileReference; lastKnownFileType = sourcecode.swift; path = SafariView.swift; sourceTree = "<group>"; };
		68C75ADE295C1DDF00ABC20A /* GoogleService-Info.plist */ = {isa = PBXFileReference; fileEncoding = 4; lastKnownFileType = text.plist.xml; path = "GoogleService-Info.plist"; sourceTree = "<group>"; };
		7605A192295AD0BA00F24D7E /* MyPageUserModel.swift */ = {isa = PBXFileReference; lastKnownFileType = sourcecode.swift; path = MyPageUserModel.swift; sourceTree = "<group>"; };
		9556A456295AC31E00FD8E1F /* MyPageInfo+ViewModifiers.swift */ = {isa = PBXFileReference; fileEncoding = 4; lastKnownFileType = sourcecode.swift; path = "MyPageInfo+ViewModifiers.swift"; sourceTree = "<group>"; };
		9556A457295AC31E00FD8E1F /* MyPageInfoEditCheckingView.swift */ = {isa = PBXFileReference; fileEncoding = 4; lastKnownFileType = sourcecode.swift; path = MyPageInfoEditCheckingView.swift; sourceTree = "<group>"; };
		9556A458295AC31E00FD8E1F /* MyPageInfoView.swift */ = {isa = PBXFileReference; fileEncoding = 4; lastKnownFileType = sourcecode.swift; path = MyPageInfoView.swift; sourceTree = "<group>"; };
		9556A459295AC31E00FD8E1F /* MyPageInfoDetailView.swift */ = {isa = PBXFileReference; fileEncoding = 4; lastKnownFileType = sourcecode.swift; path = MyPageInfoDetailView.swift; sourceTree = "<group>"; };
		9556A45A295AC31E00FD8E1F /* MyPageInfoEditView.swift */ = {isa = PBXFileReference; fileEncoding = 4; lastKnownFileType = sourcecode.swift; path = MyPageInfoEditView.swift; sourceTree = "<group>"; };
		A742105B295B117A005AEC9C /* MyReview.swift */ = {isa = PBXFileReference; fileEncoding = 4; lastKnownFileType = sourcecode.swift; path = MyReview.swift; sourceTree = "<group>"; };
		A742105C295B117A005AEC9C /* CardView.swift */ = {isa = PBXFileReference; fileEncoding = 4; lastKnownFileType = sourcecode.swift; path = CardView.swift; sourceTree = "<group>"; };
		A742105E295B117A005AEC9C /* MyRecentView.swift */ = {isa = PBXFileReference; fileEncoding = 4; lastKnownFileType = sourcecode.swift; path = MyRecentView.swift; sourceTree = "<group>"; };
		A742105F295B117A005AEC9C /* RecentDetailView.swift */ = {isa = PBXFileReference; fileEncoding = 4; lastKnownFileType = sourcecode.swift; path = RecentDetailView.swift; sourceTree = "<group>"; };
		A7421060295B117A005AEC9C /* DurationSettingView.swift */ = {isa = PBXFileReference; fileEncoding = 4; lastKnownFileType = sourcecode.swift; path = DurationSettingView.swift; sourceTree = "<group>"; };
		A7421062295B117A005AEC9C /* MyQuestionView.swift */ = {isa = PBXFileReference; fileEncoding = 4; lastKnownFileType = sourcecode.swift; path = MyQuestionView.swift; sourceTree = "<group>"; };
		A7421063295B117A005AEC9C /* QuestionDetailView.swift */ = {isa = PBXFileReference; fileEncoding = 4; lastKnownFileType = sourcecode.swift; path = QuestionDetailView.swift; sourceTree = "<group>"; };
		A742106D295B40A0005AEC9C /* TermType.swift */ = {isa = PBXFileReference; lastKnownFileType = sourcecode.swift; path = TermType.swift; sourceTree = "<group>"; };
		A77EE65D295A9A5100B6AA64 /* big-project-a-customer-ios.app */ = {isa = PBXFileReference; explicitFileType = wrapper.application; includeInIndex = 0; path = "big-project-a-customer-ios.app"; sourceTree = BUILT_PRODUCTS_DIR; };
		A77EE660295A9A5100B6AA64 /* big_project_a_customer_iosApp.swift */ = {isa = PBXFileReference; lastKnownFileType = sourcecode.swift; path = big_project_a_customer_iosApp.swift; sourceTree = "<group>"; };
		A77EE662295A9A5100B6AA64 /* ContentView.swift */ = {isa = PBXFileReference; lastKnownFileType = sourcecode.swift; path = ContentView.swift; sourceTree = "<group>"; };
		A77EE664295A9A5200B6AA64 /* Assets.xcassets */ = {isa = PBXFileReference; lastKnownFileType = folder.assetcatalog; path = Assets.xcassets; sourceTree = "<group>"; };
		A77EE667295A9A5200B6AA64 /* Preview Assets.xcassets */ = {isa = PBXFileReference; lastKnownFileType = folder.assetcatalog; path = "Preview Assets.xcassets"; sourceTree = "<group>"; };
		C0D4BDD4295BD0BA002A0083 /* ProductDetailModifiers.swift */ = {isa = PBXFileReference; fileEncoding = 4; lastKnownFileType = sourcecode.swift; path = ProductDetailModifiers.swift; sourceTree = "<group>"; };
		C0D4BDD5295BD0BA002A0083 /* ProductDetailModalView.swift */ = {isa = PBXFileReference; fileEncoding = 4; lastKnownFileType = sourcecode.swift; path = ProductDetailModalView.swift; sourceTree = "<group>"; };
		C0D4BDD6295BD0BA002A0083 /* ProductDetailView.swift */ = {isa = PBXFileReference; fileEncoding = 4; lastKnownFileType = sourcecode.swift; path = ProductDetailView.swift; sourceTree = "<group>"; };
		C4961A5E295AAEF4009CB1EC /* LoginView.swift */ = {isa = PBXFileReference; lastKnownFileType = sourcecode.swift; path = LoginView.swift; sourceTree = "<group>"; };
		C4961A60295AAF25009CB1EC /* SignUpView.swift */ = {isa = PBXFileReference; lastKnownFileType = sourcecode.swift; path = SignUpView.swift; sourceTree = "<group>"; };
		C4961A62295AAFBC009CB1EC /* SignUpStep1View.swift */ = {isa = PBXFileReference; lastKnownFileType = sourcecode.swift; path = SignUpStep1View.swift; sourceTree = "<group>"; };
		C4961A64295AAFC8009CB1EC /* SignUpStep2View.swift */ = {isa = PBXFileReference; lastKnownFileType = sourcecode.swift; path = SignUpStep2View.swift; sourceTree = "<group>"; };
		EAA1A144295ACFE400E84C36 /* CouponView.swift */ = {isa = PBXFileReference; lastKnownFileType = sourcecode.swift; path = CouponView.swift; sourceTree = "<group>"; };
		EAA1A146295AD14400E84C36 /* LikedProductsView.swift */ = {isa = PBXFileReference; lastKnownFileType = sourcecode.swift; path = LikedProductsView.swift; sourceTree = "<group>"; };
		EAA1A148295AD1CB00E84C36 /* PurchaseHistoryView.swift */ = {isa = PBXFileReference; lastKnownFileType = sourcecode.swift; path = PurchaseHistoryView.swift; sourceTree = "<group>"; };
		EAA1A14A295AD3EF00E84C36 /* MyPageLike+ViewModifiers.swift */ = {isa = PBXFileReference; lastKnownFileType = sourcecode.swift; path = "MyPageLike+ViewModifiers.swift"; sourceTree = "<group>"; };
		EAA1A14C295BD0C400E84C36 /* PurchaseHistoryDetailView.swift */ = {isa = PBXFileReference; lastKnownFileType = sourcecode.swift; path = PurchaseHistoryDetailView.swift; sourceTree = "<group>"; };
/* End PBXFileReference section */

/* Begin PBXFrameworksBuildPhase section */
		A77EE65A295A9A5100B6AA64 /* Frameworks */ = {
			isa = PBXFrameworksBuildPhase;
			buildActionMask = 2147483647;
			files = (
				67C798B5295BD09100E13A16 /* PopupView in Frameworks */,
				A77EE670295A9A9400B6AA64 /* FirebaseAuth in Frameworks */,
				A77EE672295A9A9400B6AA64 /* FirebaseFirestore in Frameworks */,
				A77EE674295A9A9400B6AA64 /* FirebaseFirestoreSwift in Frameworks */,
			);
			runOnlyForDeploymentPostprocessing = 0;
		};
/* End PBXFrameworksBuildPhase section */

/* Begin PBXGroup section */
		0456F638295AD7C9002389F6 /* FolderHomeMenu */ = {
			isa = PBXGroup;
			children = (
				0456F639295AD7EE002389F6 /* HomeMenuView.swift */,
				0456F63B295AD7F7002389F6 /* NotebookView.swift */,
			);
			path = FolderHomeMenu;
			sourceTree = "<group>";
		};
		76E85444295BDE56000FE8A9 /* FolderMyPage */ = {
			isa = PBXGroup;
			children = (
				9556A44F295AB9A800FD8E1F /* FolderMyPageEditInfo */,
				A7421059295B117A005AEC9C /* FolderMyPageReview */,
				EAA1A143295ACFBA00E84C36 /* FolderMyPageLike */,
			);
			path = FolderMyPage;
			sourceTree = "<group>";
		};
		9556A44F295AB9A800FD8E1F /* FolderMyPageEditInfo */ = {
			isa = PBXGroup;
			children = (
				9556A458295AC31E00FD8E1F /* MyPageInfoView.swift */,
				9556A459295AC31E00FD8E1F /* MyPageInfoDetailView.swift */,
				9556A457295AC31E00FD8E1F /* MyPageInfoEditCheckingView.swift */,
				9556A45A295AC31E00FD8E1F /* MyPageInfoEditView.swift */,
				9556A456295AC31E00FD8E1F /* MyPageInfo+ViewModifiers.swift */,
				7605A192295AD0BA00F24D7E /* MyPageUserModel.swift */,
			);
			path = FolderMyPageEditInfo;
			sourceTree = "<group>";
		};
		A7421059295B117A005AEC9C /* FolderMyPageReview */ = {
			isa = PBXGroup;
			children = (
				A742105A295B117A005AEC9C /* ReviewView */,
				A742105D295B117A005AEC9C /* RecentView */,
				A7421060295B117A005AEC9C /* DurationSettingView.swift */,
				A7421061295B117A005AEC9C /* QuestionView */,
			);
			path = FolderMyPageReview;
			sourceTree = "<group>";
		};
		A742105A295B117A005AEC9C /* ReviewView */ = {
			isa = PBXGroup;
			children = (
				A742105B295B117A005AEC9C /* MyReview.swift */,
				A742105C295B117A005AEC9C /* CardView.swift */,
				3C2B1D0D295B1B8B00B012E6 /* CreateReviewView.swift */,
			);
			path = ReviewView;
			sourceTree = "<group>";
		};
		A742105D295B117A005AEC9C /* RecentView */ = {
			isa = PBXGroup;
			children = (
				A742105E295B117A005AEC9C /* MyRecentView.swift */,
				A742105F295B117A005AEC9C /* RecentDetailView.swift */,
			);
			path = RecentView;
			sourceTree = "<group>";
		};
		A7421061295B117A005AEC9C /* QuestionView */ = {
			isa = PBXGroup;
			children = (
				A7421062295B117A005AEC9C /* MyQuestionView.swift */,
				A7421063295B117A005AEC9C /* QuestionDetailView.swift */,
			);
			path = QuestionView;
			sourceTree = "<group>";
		};
		A77EE654295A9A5100B6AA64 = {
			isa = PBXGroup;
			children = (
				68C75ADE295C1DDF00ABC20A /* GoogleService-Info.plist */,
				A77EE65F295A9A5100B6AA64 /* big-project-a-customer-ios */,
				A77EE65E295A9A5100B6AA64 /* Products */,
			);
			sourceTree = "<group>";
		};
		A77EE65E295A9A5100B6AA64 /* Products */ = {
			isa = PBXGroup;
			children = (
				A77EE65D295A9A5100B6AA64 /* big-project-a-customer-ios.app */,
			);
			name = Products;
			sourceTree = "<group>";
		};
		A77EE65F295A9A5100B6AA64 /* big-project-a-customer-ios */ = {
			isa = PBXGroup;
			children = (
				A77EE660295A9A5100B6AA64 /* big_project_a_customer_iosApp.swift */,
				A77EE662295A9A5100B6AA64 /* ContentView.swift */,
				18ECD477295AB68700670B6F /* ShoppingBackView.swift */,
				18ECD47B295AC41F00670B6F /* ShoppingBackDetailView.swift */,
				76E85444295BDE56000FE8A9 /* FolderMyPage */,
				C0D4BDD2295BD0BA002A0083 /* FolderProductDetail */,
				0456F638295AD7C9002389F6 /* FolderHomeMenu */,
				C4961A5B295AAE86009CB1EC /* FolderLoginSignUp */,
				A77EE664295A9A5200B6AA64 /* Assets.xcassets */,
				A77EE666295A9A5200B6AA64 /* Preview Content */,
			);
			path = "big-project-a-customer-ios";
			sourceTree = "<group>";
		};
		A77EE666295A9A5200B6AA64 /* Preview Content */ = {
			isa = PBXGroup;
			children = (
				A77EE667295A9A5200B6AA64 /* Preview Assets.xcassets */,
			);
			path = "Preview Content";
			sourceTree = "<group>";
		};
		C0D4BDD2295BD0BA002A0083 /* FolderProductDetail */ = {
			isa = PBXGroup;
			children = (
				C0D4BDD3295BD0BA002A0083 /* Modifiers */,
				C0D4BDD5295BD0BA002A0083 /* ProductDetailModalView.swift */,
				C0D4BDD6295BD0BA002A0083 /* ProductDetailView.swift */,
			);
			path = FolderProductDetail;
			sourceTree = "<group>";
		};
		C0D4BDD3295BD0BA002A0083 /* Modifiers */ = {
			isa = PBXGroup;
			children = (
				C0D4BDD4295BD0BA002A0083 /* ProductDetailModifiers.swift */,
				047525AB295C0FAF004B0F37 /* ButtonModifier.swift */,
			);
			path = Modifiers;
			sourceTree = "<group>";
		};
		C4961A5B295AAE86009CB1EC /* FolderLoginSignUp */ = {
			isa = PBXGroup;
			children = (
				C4961A5C295AAED1009CB1EC /* Login */,
				C4961A5D295AAED8009CB1EC /* SignUp */,
			);
			path = FolderLoginSignUp;
			sourceTree = "<group>";
		};
		C4961A5C295AAED1009CB1EC /* Login */ = {
			isa = PBXGroup;
			children = (
				C4961A5E295AAEF4009CB1EC /* LoginView.swift */,
			);
			path = Login;
			sourceTree = "<group>";
		};
		C4961A5D295AAED8009CB1EC /* SignUp */ = {
			isa = PBXGroup;
			children = (
				C4961A60295AAF25009CB1EC /* SignUpView.swift */,
				C4961A62295AAFBC009CB1EC /* SignUpStep1View.swift */,
				C4961A64295AAFC8009CB1EC /* SignUpStep2View.swift */,
				6713F70E295B2386009ABA8C /* SignUpViewModel.swift */,
				A742106D295B40A0005AEC9C /* TermType.swift */,
				67C798B6295C0F8000E13A16 /* SafariView.swift */,
			);
			path = SignUp;
			sourceTree = "<group>";
		};
		EAA1A143295ACFBA00E84C36 /* FolderMyPageLike */ = {
			isa = PBXGroup;
			children = (
				EAA1A14A295AD3EF00E84C36 /* MyPageLike+ViewModifiers.swift */,
				EAA1A144295ACFE400E84C36 /* CouponView.swift */,
				EAA1A148295AD1CB00E84C36 /* PurchaseHistoryView.swift */,
				EAA1A14C295BD0C400E84C36 /* PurchaseHistoryDetailView.swift */,
				EAA1A146295AD14400E84C36 /* LikedProductsView.swift */,
			);
			path = FolderMyPageLike;
			sourceTree = "<group>";
		};
/* End PBXGroup section */

/* Begin PBXNativeTarget section */
		A77EE65C295A9A5100B6AA64 /* big-project-a-customer-ios */ = {
			isa = PBXNativeTarget;
			buildConfigurationList = A77EE66B295A9A5200B6AA64 /* Build configuration list for PBXNativeTarget "big-project-a-customer-ios" */;
			buildPhases = (
				A77EE659295A9A5100B6AA64 /* Sources */,
				A77EE65A295A9A5100B6AA64 /* Frameworks */,
				A77EE65B295A9A5100B6AA64 /* Resources */,
			);
			buildRules = (
			);
			dependencies = (
			);
			name = "big-project-a-customer-ios";
			packageProductDependencies = (
				A77EE66F295A9A9400B6AA64 /* FirebaseAuth */,
				A77EE671295A9A9400B6AA64 /* FirebaseFirestore */,
				A77EE673295A9A9400B6AA64 /* FirebaseFirestoreSwift */,
				67C798B4295BD09100E13A16 /* PopupView */,
			);
			productName = "big-project-a-customer-ios";
			productReference = A77EE65D295A9A5100B6AA64 /* big-project-a-customer-ios.app */;
			productType = "com.apple.product-type.application";
		};
/* End PBXNativeTarget section */

/* Begin PBXProject section */
		A77EE655295A9A5100B6AA64 /* Project object */ = {
			isa = PBXProject;
			attributes = {
				BuildIndependentTargetsInParallel = 1;
				LastSwiftUpdateCheck = 1420;
				LastUpgradeCheck = 1420;
				TargetAttributes = {
					A77EE65C295A9A5100B6AA64 = {
						CreatedOnToolsVersion = 14.2;
					};
				};
			};
			buildConfigurationList = A77EE658295A9A5100B6AA64 /* Build configuration list for PBXProject "big-project-a-customer-ios" */;
			compatibilityVersion = "Xcode 14.0";
			developmentRegion = en;
			hasScannedForEncodings = 0;
			knownRegions = (
				en,
				Base,
			);
			mainGroup = A77EE654295A9A5100B6AA64;
			packageReferences = (
				A77EE66E295A9A9400B6AA64 /* XCRemoteSwiftPackageReference "firebase-ios-sdk" */,
				67C798B3295BD09100E13A16 /* XCRemoteSwiftPackageReference "PopupView" */,
			);
			productRefGroup = A77EE65E295A9A5100B6AA64 /* Products */;
			projectDirPath = "";
			projectRoot = "";
			targets = (
				A77EE65C295A9A5100B6AA64 /* big-project-a-customer-ios */,
			);
		};
/* End PBXProject section */

/* Begin PBXResourcesBuildPhase section */
		A77EE65B295A9A5100B6AA64 /* Resources */ = {
			isa = PBXResourcesBuildPhase;
			buildActionMask = 2147483647;
			files = (
				A77EE668295A9A5200B6AA64 /* Preview Assets.xcassets in Resources */,
				A77EE665295A9A5200B6AA64 /* Assets.xcassets in Resources */,
				68C75ADF295C1DDF00ABC20A /* GoogleService-Info.plist in Resources */,
			);
			runOnlyForDeploymentPostprocessing = 0;
		};
/* End PBXResourcesBuildPhase section */

/* Begin PBXSourcesBuildPhase section */
		A77EE659295A9A5100B6AA64 /* Sources */ = {
			isa = PBXSourcesBuildPhase;
			buildActionMask = 2147483647;
			files = (
				6713F70F295B2386009ABA8C /* SignUpViewModel.swift in Sources */,
				9556A45F295AC31F00FD8E1F /* MyPageInfoEditView.swift in Sources */,
				EAA1A145295ACFE400E84C36 /* CouponView.swift in Sources */,
				0456F63C295AD7F7002389F6 /* NotebookView.swift in Sources */,
				C0D4BDD9295BD0BA002A0083 /* ProductDetailView.swift in Sources */,
				9556A45B295AC31F00FD8E1F /* MyPageInfo+ViewModifiers.swift in Sources */,
				A7421067295B117A005AEC9C /* RecentDetailView.swift in Sources */,
				C4961A61295AAF25009CB1EC /* SignUpView.swift in Sources */,
				C4961A5F295AAEF4009CB1EC /* LoginView.swift in Sources */,
				7605A193295AD0BA00F24D7E /* MyPageUserModel.swift in Sources */,
				EAA1A14B295AD3EF00E84C36 /* MyPageLike+ViewModifiers.swift in Sources */,
				EAA1A14D295BD0C400E84C36 /* PurchaseHistoryDetailView.swift in Sources */,
				EAA1A149295AD1CB00E84C36 /* PurchaseHistoryView.swift in Sources */,
				C4961A63295AAFBC009CB1EC /* SignUpStep1View.swift in Sources */,
				A7421069295B117A005AEC9C /* MyQuestionView.swift in Sources */,
				C0D4BDD7295BD0BA002A0083 /* ProductDetailModifiers.swift in Sources */,
				A742106A295B117A005AEC9C /* QuestionDetailView.swift in Sources */,
				3C2B1D0E295B1B8B00B012E6 /* CreateReviewView.swift in Sources */,
				9556A45D295AC31F00FD8E1F /* MyPageInfoView.swift in Sources */,
				C4961A65295AAFC8009CB1EC /* SignUpStep2View.swift in Sources */,
				A7421068295B117A005AEC9C /* DurationSettingView.swift in Sources */,
				A77EE663295A9A5100B6AA64 /* ContentView.swift in Sources */,
				C0D4BDD8295BD0BA002A0083 /* ProductDetailModalView.swift in Sources */,
				9556A45C295AC31F00FD8E1F /* MyPageInfoEditCheckingView.swift in Sources */,
				EAA1A147295AD14400E84C36 /* LikedProductsView.swift in Sources */,
				A742106E295B40A0005AEC9C /* TermType.swift in Sources */,
				A7421065295B117A005AEC9C /* CardView.swift in Sources */,
				A7421066295B117A005AEC9C /* MyRecentView.swift in Sources */,
				67C798B7295C0F8000E13A16 /* SafariView.swift in Sources */,
				18ECD478295AB68700670B6F /* ShoppingBackView.swift in Sources */,
				18ECD47C295AC41F00670B6F /* ShoppingBackDetailView.swift in Sources */,
				047525AC295C0FAF004B0F37 /* ButtonModifier.swift in Sources */,
				9556A45C295AC31F00FD8E1F /* MyPageInfoEditCheckingView.swift in Sources */,
				A7421064295B117A005AEC9C /* MyReview.swift in Sources */,
				A77EE661295A9A5100B6AA64 /* big_project_a_customer_iosApp.swift in Sources */,
				0456F63A295AD7EE002389F6 /* HomeMenuView.swift in Sources */,
				9556A45E295AC31F00FD8E1F /* MyPageInfoDetailView.swift in Sources */,
			);
			runOnlyForDeploymentPostprocessing = 0;
		};
/* End PBXSourcesBuildPhase section */

/* Begin XCBuildConfiguration section */
		A77EE669295A9A5200B6AA64 /* Debug */ = {
			isa = XCBuildConfiguration;
			buildSettings = {
				ALWAYS_SEARCH_USER_PATHS = NO;
				CLANG_ANALYZER_NONNULL = YES;
				CLANG_ANALYZER_NUMBER_OBJECT_CONVERSION = YES_AGGRESSIVE;
				CLANG_CXX_LANGUAGE_STANDARD = "gnu++20";
				CLANG_ENABLE_MODULES = YES;
				CLANG_ENABLE_OBJC_ARC = YES;
				CLANG_ENABLE_OBJC_WEAK = YES;
				CLANG_WARN_BLOCK_CAPTURE_AUTORELEASING = YES;
				CLANG_WARN_BOOL_CONVERSION = YES;
				CLANG_WARN_COMMA = YES;
				CLANG_WARN_CONSTANT_CONVERSION = YES;
				CLANG_WARN_DEPRECATED_OBJC_IMPLEMENTATIONS = YES;
				CLANG_WARN_DIRECT_OBJC_ISA_USAGE = YES_ERROR;
				CLANG_WARN_DOCUMENTATION_COMMENTS = YES;
				CLANG_WARN_EMPTY_BODY = YES;
				CLANG_WARN_ENUM_CONVERSION = YES;
				CLANG_WARN_INFINITE_RECURSION = YES;
				CLANG_WARN_INT_CONVERSION = YES;
				CLANG_WARN_NON_LITERAL_NULL_CONVERSION = YES;
				CLANG_WARN_OBJC_IMPLICIT_RETAIN_SELF = YES;
				CLANG_WARN_OBJC_LITERAL_CONVERSION = YES;
				CLANG_WARN_OBJC_ROOT_CLASS = YES_ERROR;
				CLANG_WARN_QUOTED_INCLUDE_IN_FRAMEWORK_HEADER = YES;
				CLANG_WARN_RANGE_LOOP_ANALYSIS = YES;
				CLANG_WARN_STRICT_PROTOTYPES = YES;
				CLANG_WARN_SUSPICIOUS_MOVE = YES;
				CLANG_WARN_UNGUARDED_AVAILABILITY = YES_AGGRESSIVE;
				CLANG_WARN_UNREACHABLE_CODE = YES;
				CLANG_WARN__DUPLICATE_METHOD_MATCH = YES;
				COPY_PHASE_STRIP = NO;
				DEBUG_INFORMATION_FORMAT = dwarf;
				ENABLE_STRICT_OBJC_MSGSEND = YES;
				ENABLE_TESTABILITY = YES;
				GCC_C_LANGUAGE_STANDARD = gnu11;
				GCC_DYNAMIC_NO_PIC = NO;
				GCC_NO_COMMON_BLOCKS = YES;
				GCC_OPTIMIZATION_LEVEL = 0;
				GCC_PREPROCESSOR_DEFINITIONS = (
					"DEBUG=1",
					"$(inherited)",
				);
				GCC_WARN_64_TO_32_BIT_CONVERSION = YES;
				GCC_WARN_ABOUT_RETURN_TYPE = YES_ERROR;
				GCC_WARN_UNDECLARED_SELECTOR = YES;
				GCC_WARN_UNINITIALIZED_AUTOS = YES_AGGRESSIVE;
				GCC_WARN_UNUSED_FUNCTION = YES;
				GCC_WARN_UNUSED_VARIABLE = YES;
				IPHONEOS_DEPLOYMENT_TARGET = 16.2;
				MTL_ENABLE_DEBUG_INFO = INCLUDE_SOURCE;
				MTL_FAST_MATH = YES;
				ONLY_ACTIVE_ARCH = YES;
				SDKROOT = iphoneos;
				SWIFT_ACTIVE_COMPILATION_CONDITIONS = DEBUG;
				SWIFT_OPTIMIZATION_LEVEL = "-Onone";
			};
			name = Debug;
		};
		A77EE66A295A9A5200B6AA64 /* Release */ = {
			isa = XCBuildConfiguration;
			buildSettings = {
				ALWAYS_SEARCH_USER_PATHS = NO;
				CLANG_ANALYZER_NONNULL = YES;
				CLANG_ANALYZER_NUMBER_OBJECT_CONVERSION = YES_AGGRESSIVE;
				CLANG_CXX_LANGUAGE_STANDARD = "gnu++20";
				CLANG_ENABLE_MODULES = YES;
				CLANG_ENABLE_OBJC_ARC = YES;
				CLANG_ENABLE_OBJC_WEAK = YES;
				CLANG_WARN_BLOCK_CAPTURE_AUTORELEASING = YES;
				CLANG_WARN_BOOL_CONVERSION = YES;
				CLANG_WARN_COMMA = YES;
				CLANG_WARN_CONSTANT_CONVERSION = YES;
				CLANG_WARN_DEPRECATED_OBJC_IMPLEMENTATIONS = YES;
				CLANG_WARN_DIRECT_OBJC_ISA_USAGE = YES_ERROR;
				CLANG_WARN_DOCUMENTATION_COMMENTS = YES;
				CLANG_WARN_EMPTY_BODY = YES;
				CLANG_WARN_ENUM_CONVERSION = YES;
				CLANG_WARN_INFINITE_RECURSION = YES;
				CLANG_WARN_INT_CONVERSION = YES;
				CLANG_WARN_NON_LITERAL_NULL_CONVERSION = YES;
				CLANG_WARN_OBJC_IMPLICIT_RETAIN_SELF = YES;
				CLANG_WARN_OBJC_LITERAL_CONVERSION = YES;
				CLANG_WARN_OBJC_ROOT_CLASS = YES_ERROR;
				CLANG_WARN_QUOTED_INCLUDE_IN_FRAMEWORK_HEADER = YES;
				CLANG_WARN_RANGE_LOOP_ANALYSIS = YES;
				CLANG_WARN_STRICT_PROTOTYPES = YES;
				CLANG_WARN_SUSPICIOUS_MOVE = YES;
				CLANG_WARN_UNGUARDED_AVAILABILITY = YES_AGGRESSIVE;
				CLANG_WARN_UNREACHABLE_CODE = YES;
				CLANG_WARN__DUPLICATE_METHOD_MATCH = YES;
				COPY_PHASE_STRIP = NO;
				DEBUG_INFORMATION_FORMAT = "dwarf-with-dsym";
				ENABLE_NS_ASSERTIONS = NO;
				ENABLE_STRICT_OBJC_MSGSEND = YES;
				GCC_C_LANGUAGE_STANDARD = gnu11;
				GCC_NO_COMMON_BLOCKS = YES;
				GCC_WARN_64_TO_32_BIT_CONVERSION = YES;
				GCC_WARN_ABOUT_RETURN_TYPE = YES_ERROR;
				GCC_WARN_UNDECLARED_SELECTOR = YES;
				GCC_WARN_UNINITIALIZED_AUTOS = YES_AGGRESSIVE;
				GCC_WARN_UNUSED_FUNCTION = YES;
				GCC_WARN_UNUSED_VARIABLE = YES;
				IPHONEOS_DEPLOYMENT_TARGET = 16.2;
				MTL_ENABLE_DEBUG_INFO = NO;
				MTL_FAST_MATH = YES;
				SDKROOT = iphoneos;
				SWIFT_COMPILATION_MODE = wholemodule;
				SWIFT_OPTIMIZATION_LEVEL = "-O";
				VALIDATE_PRODUCT = YES;
			};
			name = Release;
		};
		A77EE66C295A9A5200B6AA64 /* Debug */ = {
			isa = XCBuildConfiguration;
			buildSettings = {
				ASSETCATALOG_COMPILER_APPICON_NAME = AppIcon;
				ASSETCATALOG_COMPILER_GLOBAL_ACCENT_COLOR_NAME = AccentColor;
				CODE_SIGN_STYLE = Automatic;
				CURRENT_PROJECT_VERSION = 1;
				DEVELOPMENT_ASSET_PATHS = "\"big-project-a-customer-ios/Preview Content\"";
				ENABLE_PREVIEWS = YES;
				GENERATE_INFOPLIST_FILE = YES;
				INFOPLIST_KEY_UIApplicationSceneManifest_Generation = YES;
				INFOPLIST_KEY_UIApplicationSupportsIndirectInputEvents = YES;
				INFOPLIST_KEY_UILaunchScreen_Generation = YES;
				INFOPLIST_KEY_UISupportedInterfaceOrientations_iPad = "UIInterfaceOrientationPortrait UIInterfaceOrientationPortraitUpsideDown UIInterfaceOrientationLandscapeLeft UIInterfaceOrientationLandscapeRight";
				INFOPLIST_KEY_UISupportedInterfaceOrientations_iPhone = "UIInterfaceOrientationPortrait UIInterfaceOrientationLandscapeLeft UIInterfaceOrientationLandscapeRight";
				IPHONEOS_DEPLOYMENT_TARGET = 16.0;
				LD_RUNPATH_SEARCH_PATHS = (
					"$(inherited)",
					"@executable_path/Frameworks",
				);
				MARKETING_VERSION = 1.0;
				PRODUCT_BUNDLE_IDENTIFIER = "com.big-project-a-customer-ios.big-project-a-customer-ios";
				PRODUCT_NAME = "$(TARGET_NAME)";
				SWIFT_EMIT_LOC_STRINGS = YES;
				SWIFT_VERSION = 5.0;
				TARGETED_DEVICE_FAMILY = "1,2";
			};
			name = Debug;
		};
		A77EE66D295A9A5200B6AA64 /* Release */ = {
			isa = XCBuildConfiguration;
			buildSettings = {
				ASSETCATALOG_COMPILER_APPICON_NAME = AppIcon;
				ASSETCATALOG_COMPILER_GLOBAL_ACCENT_COLOR_NAME = AccentColor;
				CODE_SIGN_STYLE = Automatic;
				CURRENT_PROJECT_VERSION = 1;
				DEVELOPMENT_ASSET_PATHS = "\"big-project-a-customer-ios/Preview Content\"";
				ENABLE_PREVIEWS = YES;
				GENERATE_INFOPLIST_FILE = YES;
				INFOPLIST_KEY_UIApplicationSceneManifest_Generation = YES;
				INFOPLIST_KEY_UIApplicationSupportsIndirectInputEvents = YES;
				INFOPLIST_KEY_UILaunchScreen_Generation = YES;
				INFOPLIST_KEY_UISupportedInterfaceOrientations_iPad = "UIInterfaceOrientationPortrait UIInterfaceOrientationPortraitUpsideDown UIInterfaceOrientationLandscapeLeft UIInterfaceOrientationLandscapeRight";
				INFOPLIST_KEY_UISupportedInterfaceOrientations_iPhone = "UIInterfaceOrientationPortrait UIInterfaceOrientationLandscapeLeft UIInterfaceOrientationLandscapeRight";
				IPHONEOS_DEPLOYMENT_TARGET = 16.0;
				LD_RUNPATH_SEARCH_PATHS = (
					"$(inherited)",
					"@executable_path/Frameworks",
				);
				MARKETING_VERSION = 1.0;
				PRODUCT_BUNDLE_IDENTIFIER = "com.big-project-a-customer-ios.big-project-a-customer-ios";
				PRODUCT_NAME = "$(TARGET_NAME)";
				SWIFT_EMIT_LOC_STRINGS = YES;
				SWIFT_VERSION = 5.0;
				TARGETED_DEVICE_FAMILY = "1,2";
			};
			name = Release;
		};
/* End XCBuildConfiguration section */

/* Begin XCConfigurationList section */
		A77EE658295A9A5100B6AA64 /* Build configuration list for PBXProject "big-project-a-customer-ios" */ = {
			isa = XCConfigurationList;
			buildConfigurations = (
				A77EE669295A9A5200B6AA64 /* Debug */,
				A77EE66A295A9A5200B6AA64 /* Release */,
			);
			defaultConfigurationIsVisible = 0;
			defaultConfigurationName = Release;
		};
		A77EE66B295A9A5200B6AA64 /* Build configuration list for PBXNativeTarget "big-project-a-customer-ios" */ = {
			isa = XCConfigurationList;
			buildConfigurations = (
				A77EE66C295A9A5200B6AA64 /* Debug */,
				A77EE66D295A9A5200B6AA64 /* Release */,
			);
			defaultConfigurationIsVisible = 0;
			defaultConfigurationName = Release;
		};
/* End XCConfigurationList section */

/* Begin XCRemoteSwiftPackageReference section */
		67C798B3295BD09100E13A16 /* XCRemoteSwiftPackageReference "PopupView" */ = {
			isa = XCRemoteSwiftPackageReference;
			repositoryURL = "https://github.com/exyte/PopupView";
			requirement = {
				kind = upToNextMajorVersion;
				minimumVersion = 1.0.0;
			};
		};
		A77EE66E295A9A9400B6AA64 /* XCRemoteSwiftPackageReference "firebase-ios-sdk" */ = {
			isa = XCRemoteSwiftPackageReference;
			repositoryURL = "https://github.com/firebase/firebase-ios-sdk";
			requirement = {
				branch = master;
				kind = branch;
			};
		};
/* End XCRemoteSwiftPackageReference section */

/* Begin XCSwiftPackageProductDependency section */
		67C798B4295BD09100E13A16 /* PopupView */ = {
			isa = XCSwiftPackageProductDependency;
			package = 67C798B3295BD09100E13A16 /* XCRemoteSwiftPackageReference "PopupView" */;
			productName = PopupView;
		};
		A77EE66F295A9A9400B6AA64 /* FirebaseAuth */ = {
			isa = XCSwiftPackageProductDependency;
			package = A77EE66E295A9A9400B6AA64 /* XCRemoteSwiftPackageReference "firebase-ios-sdk" */;
			productName = FirebaseAuth;
		};
		A77EE671295A9A9400B6AA64 /* FirebaseFirestore */ = {
			isa = XCSwiftPackageProductDependency;
			package = A77EE66E295A9A9400B6AA64 /* XCRemoteSwiftPackageReference "firebase-ios-sdk" */;
			productName = FirebaseFirestore;
		};
		A77EE673295A9A9400B6AA64 /* FirebaseFirestoreSwift */ = {
			isa = XCSwiftPackageProductDependency;
			package = A77EE66E295A9A9400B6AA64 /* XCRemoteSwiftPackageReference "firebase-ios-sdk" */;
			productName = FirebaseFirestoreSwift;
		};
/* End XCSwiftPackageProductDependency section */
	};
	rootObject = A77EE655295A9A5100B6AA64 /* Project object */;
}
