// !$*UTF8*$!
{
	archiveVersion = 1;
	classes = {
	};
	objectVersion = 56;
	objects = {

/* Begin PBXBuildFile section */
		0456F63A295AD7EE002389F6 /* HomeMenuView.swift in Sources */ = {isa = PBXBuildFile; fileRef = 0456F639295AD7EE002389F6 /* HomeMenuView.swift */; };
		0456F63C295AD7F7002389F6 /* NotebookView.swift in Sources */ = {isa = PBXBuildFile; fileRef = 0456F63B295AD7F7002389F6 /* NotebookView.swift */; };
		04E6F06429626BEF00AD8A44 /* Fundamentals.swift in Sources */ = {isa = PBXBuildFile; fileRef = 04E6F06329626BEF00AD8A44 /* Fundamentals.swift */; };
		22CC75EF2962654300899147 /* ProductDetailReviewSection.swift in Sources */ = {isa = PBXBuildFile; fileRef = 22CC75EE2962654300899147 /* ProductDetailReviewSection.swift */; };
		22CC75F2296272C000899147 /* ProductDetailTotalReview.swift in Sources */ = {isa = PBXBuildFile; fileRef = 22CC75F1296272C000899147 /* ProductDetailTotalReview.swift */; };
		22CC75F4296274D600899147 /* ReviewDetail.swift in Sources */ = {isa = PBXBuildFile; fileRef = 22CC75F3296274D600899147 /* ReviewDetail.swift */; };
		22CC75F62962ADBC00899147 /* Product.swift in Sources */ = {isa = PBXBuildFile; fileRef = 22CC75F52962ADBC00899147 /* Product.swift */; };
		22CC75F82962AE4A00899147 /* Review.swift in Sources */ = {isa = PBXBuildFile; fileRef = 22CC75F72962AE4A00899147 /* Review.swift */; };
		287EA668296272B90018C42B /* ManageAddressView.swift in Sources */ = {isa = PBXBuildFile; fileRef = 287EA667296272B90018C42B /* ManageAddressView.swift */; };
		6713F70F295B2386009ABA8C /* SignUpViewModel.swift in Sources */ = {isa = PBXBuildFile; fileRef = 6713F70E295B2386009ABA8C /* SignUpViewModel.swift */; };
		67C798B5295BD09100E13A16 /* PopupView in Frameworks */ = {isa = PBXBuildFile; productRef = 67C798B4295BD09100E13A16 /* PopupView */; };
		67C798B7295C0F8000E13A16 /* SafariView.swift in Sources */ = {isa = PBXBuildFile; fileRef = 67C798B6295C0F8000E13A16 /* SafariView.swift */; };
		68C75ADF295C1DDF00ABC20A /* GoogleService-Info.plist in Resources */ = {isa = PBXBuildFile; fileRef = 68C75ADE295C1DDF00ABC20A /* GoogleService-Info.plist */; };
		68C75AE3295C2DB500ABC20A /* CustomerInfo.swift in Sources */ = {isa = PBXBuildFile; fileRef = 68C75AE2295C2DB500ABC20A /* CustomerInfo.swift */; };
		702BCF88295C601800955AA2 /* ProductDetailModifiers.swift in Sources */ = {isa = PBXBuildFile; fileRef = 702BCF87295C601800955AA2 /* ProductDetailModifiers.swift */; };
		7608E20729628F560060E499 /* MyPageAddressEditView.swift in Sources */ = {isa = PBXBuildFile; fileRef = 7608E20629628F560060E499 /* MyPageAddressEditView.swift */; };
		A742106E295B40A0005AEC9C /* TermType.swift in Sources */ = {isa = PBXBuildFile; fileRef = A742106D295B40A0005AEC9C /* TermType.swift */; };
		A77EE661295A9A5100B6AA64 /* big_project_a_customer_iosApp.swift in Sources */ = {isa = PBXBuildFile; fileRef = A77EE660295A9A5100B6AA64 /* big_project_a_customer_iosApp.swift */; };
		A77EE663295A9A5100B6AA64 /* ContentView.swift in Sources */ = {isa = PBXBuildFile; fileRef = A77EE662295A9A5100B6AA64 /* ContentView.swift */; };
		A77EE665295A9A5200B6AA64 /* Assets.xcassets in Resources */ = {isa = PBXBuildFile; fileRef = A77EE664295A9A5200B6AA64 /* Assets.xcassets */; };
		A77EE668295A9A5200B6AA64 /* Preview Assets.xcassets in Resources */ = {isa = PBXBuildFile; fileRef = A77EE667295A9A5200B6AA64 /* Preview Assets.xcassets */; };
		A77EE670295A9A9400B6AA64 /* FirebaseAuth in Frameworks */ = {isa = PBXBuildFile; productRef = A77EE66F295A9A9400B6AA64 /* FirebaseAuth */; };
		A77EE672295A9A9400B6AA64 /* FirebaseFirestore in Frameworks */ = {isa = PBXBuildFile; productRef = A77EE671295A9A9400B6AA64 /* FirebaseFirestore */; };
		A77EE674295A9A9400B6AA64 /* FirebaseFirestoreSwift in Frameworks */ = {isa = PBXBuildFile; productRef = A77EE673295A9A9400B6AA64 /* FirebaseFirestoreSwift */; };
		A78DA177295C1CC80047C5AE /* ShoppingBackDetailView.swift in Sources */ = {isa = PBXBuildFile; fileRef = A78DA175295C1CC80047C5AE /* ShoppingBackDetailView.swift */; };
		A78DA178295C1CC80047C5AE /* ShoppingBackView.swift in Sources */ = {isa = PBXBuildFile; fileRef = A78DA176295C1CC80047C5AE /* ShoppingBackView.swift */; };
		A78DA185295C1E590047C5AE /* MyReview.swift in Sources */ = {isa = PBXBuildFile; fileRef = A78DA17B295C1E590047C5AE /* MyReview.swift */; };
		A78DA186295C1E590047C5AE /* CardView.swift in Sources */ = {isa = PBXBuildFile; fileRef = A78DA17C295C1E590047C5AE /* CardView.swift */; };
		A78DA187295C1E590047C5AE /* CreateReviewView.swift in Sources */ = {isa = PBXBuildFile; fileRef = A78DA17D295C1E590047C5AE /* CreateReviewView.swift */; };
		A78DA188295C1E590047C5AE /* MyRecentView.swift in Sources */ = {isa = PBXBuildFile; fileRef = A78DA17F295C1E590047C5AE /* MyRecentView.swift */; };
		A78DA189295C1E590047C5AE /* RecentDetailView.swift in Sources */ = {isa = PBXBuildFile; fileRef = A78DA180295C1E590047C5AE /* RecentDetailView.swift */; };
		A78DA18A295C1E590047C5AE /* DurationSettingView.swift in Sources */ = {isa = PBXBuildFile; fileRef = A78DA181295C1E590047C5AE /* DurationSettingView.swift */; };
		A78DA18B295C1E590047C5AE /* MyQuestionView.swift in Sources */ = {isa = PBXBuildFile; fileRef = A78DA183295C1E590047C5AE /* MyQuestionView.swift */; };
		A78DA18C295C1E590047C5AE /* QuestionDetailView.swift in Sources */ = {isa = PBXBuildFile; fileRef = A78DA184295C1E590047C5AE /* QuestionDetailView.swift */; };
		A78DA1F3295C44FF0047C5AE /* MyPageCustomerServiceView.swift in Sources */ = {isa = PBXBuildFile; fileRef = A78DA1EC295C44FF0047C5AE /* MyPageCustomerServiceView.swift */; };
		A78DA1F4295C44FF0047C5AE /* MyPageInfoEditCheckingView.swift in Sources */ = {isa = PBXBuildFile; fileRef = A78DA1ED295C44FF0047C5AE /* MyPageInfoEditCheckingView.swift */; };
		A78DA1F5295C44FF0047C5AE /* MyPageShoppingListView.swift in Sources */ = {isa = PBXBuildFile; fileRef = A78DA1EE295C44FF0047C5AE /* MyPageShoppingListView.swift */; };
		A78DA1F6295C44FF0047C5AE /* MyPageInfoDetailView.swift in Sources */ = {isa = PBXBuildFile; fileRef = A78DA1EF295C44FF0047C5AE /* MyPageInfoDetailView.swift */; };
		A78DA1F7295C44FF0047C5AE /* MyPageInfo+ViewModifiers.swift in Sources */ = {isa = PBXBuildFile; fileRef = A78DA1F0295C44FF0047C5AE /* MyPageInfo+ViewModifiers.swift */; };
		A78DA1F8295C44FF0047C5AE /* MyPageInfoEditView.swift in Sources */ = {isa = PBXBuildFile; fileRef = A78DA1F1295C44FF0047C5AE /* MyPageInfoEditView.swift */; };
		A78DA1F9295C44FF0047C5AE /* MyPageUserModel.swift in Sources */ = {isa = PBXBuildFile; fileRef = A78DA1F2295C44FF0047C5AE /* MyPageUserModel.swift */; };
		A78DA1FB295C450F0047C5AE /* MyPageInfoView.swift in Sources */ = {isa = PBXBuildFile; fileRef = A78DA1FA295C450F0047C5AE /* MyPageInfoView.swift */; };
		A78DA203295C4CAE0047C5AE /* ProductDetailView.swift in Sources */ = {isa = PBXBuildFile; fileRef = A78DA1FE295C4CAE0047C5AE /* ProductDetailView.swift */; };
		A78DA205295C4CAE0047C5AE /* ProductDetailModalView.swift in Sources */ = {isa = PBXBuildFile; fileRef = A78DA201295C4CAE0047C5AE /* ProductDetailModalView.swift */; };
		A78DA206295C4CAE0047C5AE /* TempViewModel.swift in Sources */ = {isa = PBXBuildFile; fileRef = A78DA202295C4CAE0047C5AE /* TempViewModel.swift */; };
		A78DA20A295C4D1E0047C5AE /* ButtonModifier.swift in Sources */ = {isa = PBXBuildFile; fileRef = A78DA209295C4D1D0047C5AE /* ButtonModifier.swift */; };
		A78DA211295C4F940047C5AE /* PurchaseInfo.swift in Sources */ = {isa = PBXBuildFile; fileRef = A78DA20F295C4F940047C5AE /* PurchaseInfo.swift */; };
		A78DA212295C4F940047C5AE /* Bank.swift in Sources */ = {isa = PBXBuildFile; fileRef = A78DA210295C4F940047C5AE /* Bank.swift */; };
		A78DA21A295C4F9C0047C5AE /* CashRecieptView.swift in Sources */ = {isa = PBXBuildFile; fileRef = A78DA214295C4F9C0047C5AE /* CashRecieptView.swift */; };
		A78DA21B295C4F9C0047C5AE /* ToSView.swift in Sources */ = {isa = PBXBuildFile; fileRef = A78DA215295C4F9C0047C5AE /* ToSView.swift */; };
		A78DA21C295C4F9C0047C5AE /* PaymentView.swift in Sources */ = {isa = PBXBuildFile; fileRef = A78DA216295C4F9C0047C5AE /* PaymentView.swift */; };
		A78DA21D295C4F9C0047C5AE /* PaymentCompleteView.swift in Sources */ = {isa = PBXBuildFile; fileRef = A78DA217295C4F9C0047C5AE /* PaymentCompleteView.swift */; };
		A78DA21E295C4F9C0047C5AE /* ReadyToPayView.swift in Sources */ = {isa = PBXBuildFile; fileRef = A78DA218295C4F9C0047C5AE /* ReadyToPayView.swift */; };
		A7A0BBE62963E3AE00C4CB00 /* Modifiers.swift in Sources */ = {isa = PBXBuildFile; fileRef = A7A0BBE52963E3AE00C4CB00 /* Modifiers.swift */; };
		C08D494F296262660035A01D /* QnAListView.swift in Sources */ = {isa = PBXBuildFile; fileRef = C08D494E296262660035A01D /* QnAListView.swift */; };
		C08D4953296275C00035A01D /* QnARegistView.swift in Sources */ = {isa = PBXBuildFile; fileRef = C08D4952296275C00035A01D /* QnARegistView.swift */; };
		C4961A5F295AAEF4009CB1EC /* LoginView.swift in Sources */ = {isa = PBXBuildFile; fileRef = C4961A5E295AAEF4009CB1EC /* LoginView.swift */; };
		C4961A61295AAF25009CB1EC /* SignUpView.swift in Sources */ = {isa = PBXBuildFile; fileRef = C4961A60295AAF25009CB1EC /* SignUpView.swift */; };
		C4961A63295AAFBC009CB1EC /* SignUpStep1View.swift in Sources */ = {isa = PBXBuildFile; fileRef = C4961A62295AAFBC009CB1EC /* SignUpStep1View.swift */; };
		C4961A65295AAFC8009CB1EC /* SignUpStep2View.swift in Sources */ = {isa = PBXBuildFile; fileRef = C4961A64295AAFC8009CB1EC /* SignUpStep2View.swift */; };
		EAA1A145295ACFE400E84C36 /* CouponView.swift in Sources */ = {isa = PBXBuildFile; fileRef = EAA1A144295ACFE400E84C36 /* CouponView.swift */; };
		EAA1A147295AD14400E84C36 /* LikedProductsView.swift in Sources */ = {isa = PBXBuildFile; fileRef = EAA1A146295AD14400E84C36 /* LikedProductsView.swift */; };
		EAA1A149295AD1CB00E84C36 /* PurchaseHistoryView.swift in Sources */ = {isa = PBXBuildFile; fileRef = EAA1A148295AD1CB00E84C36 /* PurchaseHistoryView.swift */; };
		EAA1A14B295AD3EF00E84C36 /* MyPageLike+ViewModifiers.swift in Sources */ = {isa = PBXBuildFile; fileRef = EAA1A14A295AD3EF00E84C36 /* MyPageLike+ViewModifiers.swift */; };
		EAA1A14D295BD0C400E84C36 /* PurchaseHistoryDetailView.swift in Sources */ = {isa = PBXBuildFile; fileRef = EAA1A14C295BD0C400E84C36 /* PurchaseHistoryDetailView.swift */; };
		EAA1A155295C3F3B00E84C36 /* OrderSheetAddress.swift in Sources */ = {isa = PBXBuildFile; fileRef = EAA1A154295C3F3B00E84C36 /* OrderSheetAddress.swift */; };
		EAA1A157295C3F5E00E84C36 /* AddAddressView.swift in Sources */ = {isa = PBXBuildFile; fileRef = EAA1A156295C3F5E00E84C36 /* AddAddressView.swift */; };
/* End PBXBuildFile section */

/* Begin PBXFileReference section */
		0456F639295AD7EE002389F6 /* HomeMenuView.swift */ = {isa = PBXFileReference; lastKnownFileType = sourcecode.swift; path = HomeMenuView.swift; sourceTree = "<group>"; };
		0456F63B295AD7F7002389F6 /* NotebookView.swift */ = {isa = PBXFileReference; lastKnownFileType = sourcecode.swift; path = NotebookView.swift; sourceTree = "<group>"; };
		04E6F06329626BEF00AD8A44 /* Fundamentals.swift */ = {isa = PBXFileReference; lastKnownFileType = sourcecode.swift; path = Fundamentals.swift; sourceTree = "<group>"; };
		22CC75EE2962654300899147 /* ProductDetailReviewSection.swift */ = {isa = PBXFileReference; lastKnownFileType = sourcecode.swift; path = ProductDetailReviewSection.swift; sourceTree = "<group>"; };
		22CC75F1296272C000899147 /* ProductDetailTotalReview.swift */ = {isa = PBXFileReference; lastKnownFileType = sourcecode.swift; path = ProductDetailTotalReview.swift; sourceTree = "<group>"; };
		22CC75F3296274D600899147 /* ReviewDetail.swift */ = {isa = PBXFileReference; lastKnownFileType = sourcecode.swift; path = ReviewDetail.swift; sourceTree = "<group>"; };
		22CC75F52962ADBC00899147 /* Product.swift */ = {isa = PBXFileReference; lastKnownFileType = sourcecode.swift; path = Product.swift; sourceTree = "<group>"; };
		22CC75F72962AE4A00899147 /* Review.swift */ = {isa = PBXFileReference; lastKnownFileType = sourcecode.swift; path = Review.swift; sourceTree = "<group>"; };
		287EA667296272B90018C42B /* ManageAddressView.swift */ = {isa = PBXFileReference; lastKnownFileType = sourcecode.swift; path = ManageAddressView.swift; sourceTree = "<group>"; };
		6713F70E295B2386009ABA8C /* SignUpViewModel.swift */ = {isa = PBXFileReference; lastKnownFileType = sourcecode.swift; path = SignUpViewModel.swift; sourceTree = "<group>"; };
		67C798B6295C0F8000E13A16 /* SafariView.swift */ = {isa = PBXFileReference; lastKnownFileType = sourcecode.swift; path = SafariView.swift; sourceTree = "<group>"; };
		68C75ADE295C1DDF00ABC20A /* GoogleService-Info.plist */ = {isa = PBXFileReference; fileEncoding = 4; lastKnownFileType = text.plist.xml; path = "GoogleService-Info.plist"; sourceTree = "<group>"; };
		68C75AE2295C2DB500ABC20A /* CustomerInfo.swift */ = {isa = PBXFileReference; lastKnownFileType = sourcecode.swift; path = CustomerInfo.swift; sourceTree = "<group>"; };
		702BCF87295C601800955AA2 /* ProductDetailModifiers.swift */ = {isa = PBXFileReference; fileEncoding = 4; lastKnownFileType = sourcecode.swift; path = ProductDetailModifiers.swift; sourceTree = "<group>"; };
		7608E20629628F560060E499 /* MyPageAddressEditView.swift */ = {isa = PBXFileReference; lastKnownFileType = sourcecode.swift; path = MyPageAddressEditView.swift; sourceTree = "<group>"; };
		A742106D295B40A0005AEC9C /* TermType.swift */ = {isa = PBXFileReference; lastKnownFileType = sourcecode.swift; path = TermType.swift; sourceTree = "<group>"; };
		A77EE65D295A9A5100B6AA64 /* big-project-a-customer-ios.app */ = {isa = PBXFileReference; explicitFileType = wrapper.application; includeInIndex = 0; path = "big-project-a-customer-ios.app"; sourceTree = BUILT_PRODUCTS_DIR; };
		A77EE660295A9A5100B6AA64 /* big_project_a_customer_iosApp.swift */ = {isa = PBXFileReference; lastKnownFileType = sourcecode.swift; path = big_project_a_customer_iosApp.swift; sourceTree = "<group>"; };
		A77EE662295A9A5100B6AA64 /* ContentView.swift */ = {isa = PBXFileReference; lastKnownFileType = sourcecode.swift; path = ContentView.swift; sourceTree = "<group>"; };
		A77EE664295A9A5200B6AA64 /* Assets.xcassets */ = {isa = PBXFileReference; lastKnownFileType = folder.assetcatalog; path = Assets.xcassets; sourceTree = "<group>"; };
		A77EE667295A9A5200B6AA64 /* Preview Assets.xcassets */ = {isa = PBXFileReference; lastKnownFileType = folder.assetcatalog; path = "Preview Assets.xcassets"; sourceTree = "<group>"; };
		A78DA175295C1CC80047C5AE /* ShoppingBackDetailView.swift */ = {isa = PBXFileReference; fileEncoding = 4; lastKnownFileType = sourcecode.swift; path = ShoppingBackDetailView.swift; sourceTree = "<group>"; };
		A78DA176295C1CC80047C5AE /* ShoppingBackView.swift */ = {isa = PBXFileReference; fileEncoding = 4; lastKnownFileType = sourcecode.swift; path = ShoppingBackView.swift; sourceTree = "<group>"; };
		A78DA17B295C1E590047C5AE /* MyReview.swift */ = {isa = PBXFileReference; fileEncoding = 4; lastKnownFileType = sourcecode.swift; path = MyReview.swift; sourceTree = "<group>"; };
		A78DA17C295C1E590047C5AE /* CardView.swift */ = {isa = PBXFileReference; fileEncoding = 4; lastKnownFileType = sourcecode.swift; path = CardView.swift; sourceTree = "<group>"; };
		A78DA17D295C1E590047C5AE /* CreateReviewView.swift */ = {isa = PBXFileReference; fileEncoding = 4; lastKnownFileType = sourcecode.swift; path = CreateReviewView.swift; sourceTree = "<group>"; };
		A78DA17F295C1E590047C5AE /* MyRecentView.swift */ = {isa = PBXFileReference; fileEncoding = 4; lastKnownFileType = sourcecode.swift; path = MyRecentView.swift; sourceTree = "<group>"; };
		A78DA180295C1E590047C5AE /* RecentDetailView.swift */ = {isa = PBXFileReference; fileEncoding = 4; lastKnownFileType = sourcecode.swift; path = RecentDetailView.swift; sourceTree = "<group>"; };
		A78DA181295C1E590047C5AE /* DurationSettingView.swift */ = {isa = PBXFileReference; fileEncoding = 4; lastKnownFileType = sourcecode.swift; path = DurationSettingView.swift; sourceTree = "<group>"; };
		A78DA183295C1E590047C5AE /* MyQuestionView.swift */ = {isa = PBXFileReference; fileEncoding = 4; lastKnownFileType = sourcecode.swift; path = MyQuestionView.swift; sourceTree = "<group>"; };
		A78DA184295C1E590047C5AE /* QuestionDetailView.swift */ = {isa = PBXFileReference; fileEncoding = 4; lastKnownFileType = sourcecode.swift; path = QuestionDetailView.swift; sourceTree = "<group>"; };
		A78DA1EC295C44FF0047C5AE /* MyPageCustomerServiceView.swift */ = {isa = PBXFileReference; fileEncoding = 4; lastKnownFileType = sourcecode.swift; path = MyPageCustomerServiceView.swift; sourceTree = "<group>"; };
		A78DA1ED295C44FF0047C5AE /* MyPageInfoEditCheckingView.swift */ = {isa = PBXFileReference; fileEncoding = 4; lastKnownFileType = sourcecode.swift; path = MyPageInfoEditCheckingView.swift; sourceTree = "<group>"; };
		A78DA1EE295C44FF0047C5AE /* MyPageShoppingListView.swift */ = {isa = PBXFileReference; fileEncoding = 4; lastKnownFileType = sourcecode.swift; path = MyPageShoppingListView.swift; sourceTree = "<group>"; };
		A78DA1EF295C44FF0047C5AE /* MyPageInfoDetailView.swift */ = {isa = PBXFileReference; fileEncoding = 4; lastKnownFileType = sourcecode.swift; path = MyPageInfoDetailView.swift; sourceTree = "<group>"; };
		A78DA1F0295C44FF0047C5AE /* MyPageInfo+ViewModifiers.swift */ = {isa = PBXFileReference; fileEncoding = 4; lastKnownFileType = sourcecode.swift; path = "MyPageInfo+ViewModifiers.swift"; sourceTree = "<group>"; };
		A78DA1F1295C44FF0047C5AE /* MyPageInfoEditView.swift */ = {isa = PBXFileReference; fileEncoding = 4; lastKnownFileType = sourcecode.swift; path = MyPageInfoEditView.swift; sourceTree = "<group>"; };
		A78DA1F2295C44FF0047C5AE /* MyPageUserModel.swift */ = {isa = PBXFileReference; fileEncoding = 4; lastKnownFileType = sourcecode.swift; path = MyPageUserModel.swift; sourceTree = "<group>"; };
		A78DA1FA295C450F0047C5AE /* MyPageInfoView.swift */ = {isa = PBXFileReference; fileEncoding = 4; lastKnownFileType = sourcecode.swift; path = MyPageInfoView.swift; sourceTree = "<group>"; };
		A78DA1FE295C4CAE0047C5AE /* ProductDetailView.swift */ = {isa = PBXFileReference; fileEncoding = 4; lastKnownFileType = sourcecode.swift; path = ProductDetailView.swift; sourceTree = "<group>"; };
		A78DA201295C4CAE0047C5AE /* ProductDetailModalView.swift */ = {isa = PBXFileReference; fileEncoding = 4; lastKnownFileType = sourcecode.swift; path = ProductDetailModalView.swift; sourceTree = "<group>"; };
		A78DA202295C4CAE0047C5AE /* TempViewModel.swift */ = {isa = PBXFileReference; fileEncoding = 4; lastKnownFileType = sourcecode.swift; path = TempViewModel.swift; sourceTree = "<group>"; };
		A78DA209295C4D1D0047C5AE /* ButtonModifier.swift */ = {isa = PBXFileReference; fileEncoding = 4; lastKnownFileType = sourcecode.swift; path = ButtonModifier.swift; sourceTree = "<group>"; };
		A78DA20F295C4F940047C5AE /* PurchaseInfo.swift */ = {isa = PBXFileReference; fileEncoding = 4; lastKnownFileType = sourcecode.swift; path = PurchaseInfo.swift; sourceTree = "<group>"; };
		A78DA210295C4F940047C5AE /* Bank.swift */ = {isa = PBXFileReference; fileEncoding = 4; lastKnownFileType = sourcecode.swift; path = Bank.swift; sourceTree = "<group>"; };
		A78DA214295C4F9C0047C5AE /* CashRecieptView.swift */ = {isa = PBXFileReference; fileEncoding = 4; lastKnownFileType = sourcecode.swift; path = CashRecieptView.swift; sourceTree = "<group>"; };
		A78DA215295C4F9C0047C5AE /* ToSView.swift */ = {isa = PBXFileReference; fileEncoding = 4; lastKnownFileType = sourcecode.swift; path = ToSView.swift; sourceTree = "<group>"; };
		A78DA216295C4F9C0047C5AE /* PaymentView.swift */ = {isa = PBXFileReference; fileEncoding = 4; lastKnownFileType = sourcecode.swift; path = PaymentView.swift; sourceTree = "<group>"; };
		A78DA217295C4F9C0047C5AE /* PaymentCompleteView.swift */ = {isa = PBXFileReference; fileEncoding = 4; lastKnownFileType = sourcecode.swift; path = PaymentCompleteView.swift; sourceTree = "<group>"; };
		A78DA218295C4F9C0047C5AE /* ReadyToPayView.swift */ = {isa = PBXFileReference; fileEncoding = 4; lastKnownFileType = sourcecode.swift; path = ReadyToPayView.swift; sourceTree = "<group>"; };
		A7A0BBE52963E3AE00C4CB00 /* Modifiers.swift */ = {isa = PBXFileReference; fileEncoding = 4; lastKnownFileType = sourcecode.swift; path = Modifiers.swift; sourceTree = "<group>"; };
		C08D494E296262660035A01D /* QnAListView.swift */ = {isa = PBXFileReference; lastKnownFileType = sourcecode.swift; path = QnAListView.swift; sourceTree = "<group>"; };
		C08D4952296275C00035A01D /* QnARegistView.swift */ = {isa = PBXFileReference; lastKnownFileType = sourcecode.swift; path = QnARegistView.swift; sourceTree = "<group>"; };
		C4961A5E295AAEF4009CB1EC /* LoginView.swift */ = {isa = PBXFileReference; lastKnownFileType = sourcecode.swift; path = LoginView.swift; sourceTree = "<group>"; };
		C4961A60295AAF25009CB1EC /* SignUpView.swift */ = {isa = PBXFileReference; lastKnownFileType = sourcecode.swift; path = SignUpView.swift; sourceTree = "<group>"; };
		C4961A62295AAFBC009CB1EC /* SignUpStep1View.swift */ = {isa = PBXFileReference; lastKnownFileType = sourcecode.swift; path = SignUpStep1View.swift; sourceTree = "<group>"; };
		C4961A64295AAFC8009CB1EC /* SignUpStep2View.swift */ = {isa = PBXFileReference; lastKnownFileType = sourcecode.swift; path = SignUpStep2View.swift; sourceTree = "<group>"; };
		EAA1A144295ACFE400E84C36 /* CouponView.swift */ = {isa = PBXFileReference; lastKnownFileType = sourcecode.swift; path = CouponView.swift; sourceTree = "<group>"; };
		EAA1A146295AD14400E84C36 /* LikedProductsView.swift */ = {isa = PBXFileReference; lastKnownFileType = sourcecode.swift; path = LikedProductsView.swift; sourceTree = "<group>"; };
		EAA1A148295AD1CB00E84C36 /* PurchaseHistoryView.swift */ = {isa = PBXFileReference; lastKnownFileType = sourcecode.swift; path = PurchaseHistoryView.swift; sourceTree = "<group>"; };
		EAA1A14A295AD3EF00E84C36 /* MyPageLike+ViewModifiers.swift */ = {isa = PBXFileReference; lastKnownFileType = sourcecode.swift; path = "MyPageLike+ViewModifiers.swift"; sourceTree = "<group>"; };
		EAA1A14C295BD0C400E84C36 /* PurchaseHistoryDetailView.swift */ = {isa = PBXFileReference; lastKnownFileType = sourcecode.swift; path = PurchaseHistoryDetailView.swift; sourceTree = "<group>"; };
		EAA1A154295C3F3B00E84C36 /* OrderSheetAddress.swift */ = {isa = PBXFileReference; lastKnownFileType = sourcecode.swift; path = OrderSheetAddress.swift; sourceTree = "<group>"; };
		EAA1A156295C3F5E00E84C36 /* AddAddressView.swift */ = {isa = PBXFileReference; lastKnownFileType = sourcecode.swift; path = AddAddressView.swift; sourceTree = "<group>"; };
/* End PBXFileReference section */

/* Begin PBXFrameworksBuildPhase section */
		A77EE65A295A9A5100B6AA64 /* Frameworks */ = {
			isa = PBXFrameworksBuildPhase;
			buildActionMask = 2147483647;
			files = (
				67C798B5295BD09100E13A16 /* PopupView in Frameworks */,
				A77EE670295A9A9400B6AA64 /* FirebaseAuth in Frameworks */,
				A77EE672295A9A9400B6AA64 /* FirebaseFirestore in Frameworks */,
				A77EE674295A9A9400B6AA64 /* FirebaseFirestoreSwift in Frameworks */,
			);
			runOnlyForDeploymentPostprocessing = 0;
		};
/* End PBXFrameworksBuildPhase section */

/* Begin PBXGroup section */
		0456F638295AD7C9002389F6 /* FolderHomeMenu */ = {
			isa = PBXGroup;
			children = (
				0456F639295AD7EE002389F6 /* HomeMenuView.swift */,
				0456F63B295AD7F7002389F6 /* NotebookView.swift */,
			);
			path = FolderHomeMenu;
			sourceTree = "<group>";
		};
		28E0CC86295BC470008306C3 /* FolderShoppingBack */ = {
			isa = PBXGroup;
			children = (
				28E0CC87295BC52F008306C3 /* ShoppingBack */,
			);
			path = FolderShoppingBack;
			sourceTree = "<group>";
		};
		28E0CC87295BC52F008306C3 /* ShoppingBack */ = {
			isa = PBXGroup;
			children = (
				A78DA176295C1CC80047C5AE /* ShoppingBackView.swift */,
				A78DA175295C1CC80047C5AE /* ShoppingBackDetailView.swift */,
				EAA1A154295C3F3B00E84C36 /* OrderSheetAddress.swift */,
				EAA1A156295C3F5E00E84C36 /* AddAddressView.swift */,
				287EA667296272B90018C42B /* ManageAddressView.swift */,
			);
			path = ShoppingBack;
			sourceTree = "<group>";
		};
		68C75AE0295C1E3800ABC20A /* Store */ = {
			isa = PBXGroup;
			children = (
				6713F70E295B2386009ABA8C /* SignUpViewModel.swift */,
			);
			path = Store;
			sourceTree = "<group>";
		};
		68C75AE1295C2D1000ABC20A /* Model */ = {
			isa = PBXGroup;
			children = (
				68C75AE2295C2DB500ABC20A /* CustomerInfo.swift */,
				04E6F06329626BEF00AD8A44 /* Fundamentals.swift */,
			);
			path = Model;
			sourceTree = "<group>";
		};
		76E85444295BDE56000FE8A9 /* FolderMyPage */ = {
			isa = PBXGroup;
			children = (
				A78DA1FA295C450F0047C5AE /* MyPageInfoView.swift */,
				A78DA179295C1E590047C5AE /* FolderMyPageReview */,
				9556A44F295AB9A800FD8E1F /* FolderMyPageEditInfo */,
				EAA1A143295ACFBA00E84C36 /* FolderMyPageLike */,
			);
			path = FolderMyPage;
			sourceTree = "<group>";
		};
		9556A44F295AB9A800FD8E1F /* FolderMyPageEditInfo */ = {
			isa = PBXGroup;
			children = (
				A78DA1EC295C44FF0047C5AE /* MyPageCustomerServiceView.swift */,
				A78DA1F0295C44FF0047C5AE /* MyPageInfo+ViewModifiers.swift */,
				A78DA1EF295C44FF0047C5AE /* MyPageInfoDetailView.swift */,
				A78DA1ED295C44FF0047C5AE /* MyPageInfoEditCheckingView.swift */,
				A78DA1F1295C44FF0047C5AE /* MyPageInfoEditView.swift */,
				A78DA1EE295C44FF0047C5AE /* MyPageShoppingListView.swift */,
				A78DA1F2295C44FF0047C5AE /* MyPageUserModel.swift */,
				7608E20629628F560060E499 /* MyPageAddressEditView.swift */,
			);
			path = FolderMyPageEditInfo;
			sourceTree = "<group>";
		};
		A77EE654295A9A5100B6AA64 = {
			isa = PBXGroup;
			children = (
				A77EE65F295A9A5100B6AA64 /* big-project-a-customer-ios */,
				A77EE65E295A9A5100B6AA64 /* Products */,
			);
			sourceTree = "<group>";
		};
		A77EE65E295A9A5100B6AA64 /* Products */ = {
			isa = PBXGroup;
			children = (
				A77EE65D295A9A5100B6AA64 /* big-project-a-customer-ios.app */,
			);
			name = Products;
			sourceTree = "<group>";
		};
		A77EE65F295A9A5100B6AA64 /* big-project-a-customer-ios */ = {
			isa = PBXGroup;
			children = (
				68C75ADE295C1DDF00ABC20A /* GoogleService-Info.plist */,
				A7A0BBE42963E39F00C4CB00 /* Modifiers */,
				A78DA20D295C4F880047C5AE /* Payment */,
				28E0CC86295BC470008306C3 /* FolderShoppingBack */,
				A77EE660295A9A5100B6AA64 /* big_project_a_customer_iosApp.swift */,
				A77EE662295A9A5100B6AA64 /* ContentView.swift */,
				76E85444295BDE56000FE8A9 /* FolderMyPage */,
				C0D4BDD2295BD0BA002A0083 /* FolderProductDetail */,
				0456F638295AD7C9002389F6 /* FolderHomeMenu */,
				C4961A5B295AAE86009CB1EC /* FolderLoginSignUp */,
				68C75AE1295C2D1000ABC20A /* Model */,
				68C75AE0295C1E3800ABC20A /* Store */,
				A77EE664295A9A5200B6AA64 /* Assets.xcassets */,
				A77EE666295A9A5200B6AA64 /* Preview Content */,
			);
			path = "big-project-a-customer-ios";
			sourceTree = "<group>";
		};
		A77EE666295A9A5200B6AA64 /* Preview Content */ = {
			isa = PBXGroup;
			children = (
				A77EE667295A9A5200B6AA64 /* Preview Assets.xcassets */,
			);
			path = "Preview Content";
			sourceTree = "<group>";
		};
		A78DA179295C1E590047C5AE /* FolderMyPageReview */ = {
			isa = PBXGroup;
			children = (
				A78DA17A295C1E590047C5AE /* ReviewView */,
				A78DA17E295C1E590047C5AE /* RecentView */,
				A78DA181295C1E590047C5AE /* DurationSettingView.swift */,
				A78DA182295C1E590047C5AE /* QuestionView */,
			);
			path = FolderMyPageReview;
			sourceTree = "<group>";
		};
		A78DA17A295C1E590047C5AE /* ReviewView */ = {
			isa = PBXGroup;
			children = (
				A78DA17B295C1E590047C5AE /* MyReview.swift */,
				A78DA17C295C1E590047C5AE /* CardView.swift */,
				A78DA17D295C1E590047C5AE /* CreateReviewView.swift */,
			);
			path = ReviewView;
			sourceTree = "<group>";
		};
		A78DA17E295C1E590047C5AE /* RecentView */ = {
			isa = PBXGroup;
			children = (
				A78DA17F295C1E590047C5AE /* MyRecentView.swift */,
				A78DA180295C1E590047C5AE /* RecentDetailView.swift */,
			);
			path = RecentView;
			sourceTree = "<group>";
		};
		A78DA182295C1E590047C5AE /* QuestionView */ = {
			isa = PBXGroup;
			children = (
				A78DA183295C1E590047C5AE /* MyQuestionView.swift */,
				A78DA184295C1E590047C5AE /* QuestionDetailView.swift */,
			);
			path = QuestionView;
			sourceTree = "<group>";
		};
		A78DA1FF295C4CAE0047C5AE /* Modifiers */ = {
			isa = PBXGroup;
			children = (
				A78DA209295C4D1D0047C5AE /* ButtonModifier.swift */,
				702BCF87295C601800955AA2 /* ProductDetailModifiers.swift */,
			);
			path = Modifiers;
			sourceTree = "<group>";
		};
		A78DA20D295C4F880047C5AE /* Payment */ = {
			isa = PBXGroup;
			children = (
				A78DA213295C4F9C0047C5AE /* Views */,
				A78DA20E295C4F940047C5AE /* Model */,
			);
			path = Payment;
			sourceTree = "<group>";
		};
		A78DA20E295C4F940047C5AE /* Model */ = {
			isa = PBXGroup;
			children = (
				A78DA20F295C4F940047C5AE /* PurchaseInfo.swift */,
				A78DA210295C4F940047C5AE /* Bank.swift */,
			);
			path = Model;
			sourceTree = "<group>";
		};
		A78DA213295C4F9C0047C5AE /* Views */ = {
			isa = PBXGroup;
			children = (
				A78DA214295C4F9C0047C5AE /* CashRecieptView.swift */,
				A78DA215295C4F9C0047C5AE /* ToSView.swift */,
				A78DA216295C4F9C0047C5AE /* PaymentView.swift */,
				A78DA217295C4F9C0047C5AE /* PaymentCompleteView.swift */,
				A78DA218295C4F9C0047C5AE /* ReadyToPayView.swift */,
			);
			path = Views;
			sourceTree = "<group>";
		};
		A7A0BBE42963E39F00C4CB00 /* Modifiers */ = {
			isa = PBXGroup;
			children = (
				A7A0BBE52963E3AE00C4CB00 /* Modifiers.swift */,
			);
			path = Modifiers;
			sourceTree = "<group>";
		};
		C08D494D2962616E0035A01D /* QnA */ = {
			isa = PBXGroup;
			children = (
				C08D494E296262660035A01D /* QnAListView.swift */,
				C08D4952296275C00035A01D /* QnARegistView.swift */,
			);
			path = QnA;
			sourceTree = "<group>";
		};
		C0D4BDD2295BD0BA002A0083 /* FolderProductDetail */ = {
			isa = PBXGroup;
			children = (
				C08D494D2962616E0035A01D /* QnA */,
				A78DA1FF295C4CAE0047C5AE /* Modifiers */,
				A78DA201295C4CAE0047C5AE /* ProductDetailModalView.swift */,
				A78DA1FE295C4CAE0047C5AE /* ProductDetailView.swift */,
				A78DA202295C4CAE0047C5AE /* TempViewModel.swift */,
				22CC75EE2962654300899147 /* ProductDetailReviewSection.swift */,
				22CC75F1296272C000899147 /* ProductDetailTotalReview.swift */,
				22CC75F3296274D600899147 /* ReviewDetail.swift */,
				22CC75F52962ADBC00899147 /* Product.swift */,
				22CC75F72962AE4A00899147 /* Review.swift */,
			);
			path = FolderProductDetail;
			sourceTree = "<group>";
		};
		C4961A5B295AAE86009CB1EC /* FolderLoginSignUp */ = {
			isa = PBXGroup;
			children = (
				C4961A5C295AAED1009CB1EC /* Login */,
				C4961A5D295AAED8009CB1EC /* SignUp */,
			);
			path = FolderLoginSignUp;
			sourceTree = "<group>";
		};
		C4961A5C295AAED1009CB1EC /* Login */ = {
			isa = PBXGroup;
			children = (
				C4961A5E295AAEF4009CB1EC /* LoginView.swift */,
			);
			path = Login;
			sourceTree = "<group>";
		};
		C4961A5D295AAED8009CB1EC /* SignUp */ = {
			isa = PBXGroup;
			children = (
				C4961A60295AAF25009CB1EC /* SignUpView.swift */,
				C4961A62295AAFBC009CB1EC /* SignUpStep1View.swift */,
				C4961A64295AAFC8009CB1EC /* SignUpStep2View.swift */,
				A742106D295B40A0005AEC9C /* TermType.swift */,
				67C798B6295C0F8000E13A16 /* SafariView.swift */,
			);
			path = SignUp;
			sourceTree = "<group>";
		};
		EAA1A143295ACFBA00E84C36 /* FolderMyPageLike */ = {
			isa = PBXGroup;
			children = (
				EAA1A14A295AD3EF00E84C36 /* MyPageLike+ViewModifiers.swift */,
				EAA1A144295ACFE400E84C36 /* CouponView.swift */,
				EAA1A148295AD1CB00E84C36 /* PurchaseHistoryView.swift */,
				EAA1A14C295BD0C400E84C36 /* PurchaseHistoryDetailView.swift */,
				EAA1A146295AD14400E84C36 /* LikedProductsView.swift */,
			);
			path = FolderMyPageLike;
			sourceTree = "<group>";
		};
/* End PBXGroup section */

/* Begin PBXNativeTarget section */
		A77EE65C295A9A5100B6AA64 /* big-project-a-customer-ios */ = {
			isa = PBXNativeTarget;
			buildConfigurationList = A77EE66B295A9A5200B6AA64 /* Build configuration list for PBXNativeTarget "big-project-a-customer-ios" */;
			buildPhases = (
				A77EE659295A9A5100B6AA64 /* Sources */,
				A77EE65A295A9A5100B6AA64 /* Frameworks */,
				A77EE65B295A9A5100B6AA64 /* Resources */,
			);
			buildRules = (
			);
			dependencies = (
			);
			name = "big-project-a-customer-ios";
			packageProductDependencies = (
				A77EE66F295A9A9400B6AA64 /* FirebaseAuth */,
				A77EE671295A9A9400B6AA64 /* FirebaseFirestore */,
				A77EE673295A9A9400B6AA64 /* FirebaseFirestoreSwift */,
				67C798B4295BD09100E13A16 /* PopupView */,
			);
			productName = "big-project-a-customer-ios";
			productReference = A77EE65D295A9A5100B6AA64 /* big-project-a-customer-ios.app */;
			productType = "com.apple.product-type.application";
		};
/* End PBXNativeTarget section */

/* Begin PBXProject section */
		A77EE655295A9A5100B6AA64 /* Project object */ = {
			isa = PBXProject;
			attributes = {
				BuildIndependentTargetsInParallel = 1;
				LastSwiftUpdateCheck = 1420;
				LastUpgradeCheck = 1420;
				TargetAttributes = {
					A77EE65C295A9A5100B6AA64 = {
						CreatedOnToolsVersion = 14.2;
					};
				};
			};
			buildConfigurationList = A77EE658295A9A5100B6AA64 /* Build configuration list for PBXProject "big-project-a-customer-ios" */;
			compatibilityVersion = "Xcode 14.0";
			developmentRegion = en;
			hasScannedForEncodings = 0;
			knownRegions = (
				en,
				Base,
			);
			mainGroup = A77EE654295A9A5100B6AA64;
			packageReferences = (
				A77EE66E295A9A9400B6AA64 /* XCRemoteSwiftPackageReference "firebase-ios-sdk" */,
				67C798B3295BD09100E13A16 /* XCRemoteSwiftPackageReference "PopupView" */,
			);
			productRefGroup = A77EE65E295A9A5100B6AA64 /* Products */;
			projectDirPath = "";
			projectRoot = "";
			targets = (
				A77EE65C295A9A5100B6AA64 /* big-project-a-customer-ios */,
			);
		};
/* End PBXProject section */

/* Begin PBXResourcesBuildPhase section */
		A77EE65B295A9A5100B6AA64 /* Resources */ = {
			isa = PBXResourcesBuildPhase;
			buildActionMask = 2147483647;
			files = (
				A77EE668295A9A5200B6AA64 /* Preview Assets.xcassets in Resources */,
				A77EE665295A9A5200B6AA64 /* Assets.xcassets in Resources */,
				68C75ADF295C1DDF00ABC20A /* GoogleService-Info.plist in Resources */,
			);
			runOnlyForDeploymentPostprocessing = 0;
		};
/* End PBXResourcesBuildPhase section */

/* Begin PBXSourcesBuildPhase section */
		A77EE659295A9A5100B6AA64 /* Sources */ = {
			isa = PBXSourcesBuildPhase;
			buildActionMask = 2147483647;
			files = (
				6713F70F295B2386009ABA8C /* SignUpViewModel.swift in Sources */,
				22CC75F2296272C000899147 /* ProductDetailTotalReview.swift in Sources */,
				A78DA21C295C4F9C0047C5AE /* PaymentView.swift in Sources */,
				A78DA18C295C1E590047C5AE /* QuestionDetailView.swift in Sources */,
				A7A0BBE62963E3AE00C4CB00 /* Modifiers.swift in Sources */,
				A78DA211295C4F940047C5AE /* PurchaseInfo.swift in Sources */,
				A78DA1F3295C44FF0047C5AE /* MyPageCustomerServiceView.swift in Sources */,
				A78DA1F8295C44FF0047C5AE /* MyPageInfoEditView.swift in Sources */,
				EAA1A145295ACFE400E84C36 /* CouponView.swift in Sources */,
				A78DA205295C4CAE0047C5AE /* ProductDetailModalView.swift in Sources */,
				0456F63C295AD7F7002389F6 /* NotebookView.swift in Sources */,
				A78DA21B295C4F9C0047C5AE /* ToSView.swift in Sources */,
				A78DA178295C1CC80047C5AE /* ShoppingBackView.swift in Sources */,
				C4961A61295AAF25009CB1EC /* SignUpView.swift in Sources */,
				A78DA21A295C4F9C0047C5AE /* CashRecieptView.swift in Sources */,
				A78DA1F7295C44FF0047C5AE /* MyPageInfo+ViewModifiers.swift in Sources */,
				22CC75EF2962654300899147 /* ProductDetailReviewSection.swift in Sources */,
				C4961A5F295AAEF4009CB1EC /* LoginView.swift in Sources */,
				A78DA1FB295C450F0047C5AE /* MyPageInfoView.swift in Sources */,
				A78DA186295C1E590047C5AE /* CardView.swift in Sources */,
				C08D4953296275C00035A01D /* QnARegistView.swift in Sources */,
				A78DA21D295C4F9C0047C5AE /* PaymentCompleteView.swift in Sources */,
				A78DA1F6295C44FF0047C5AE /* MyPageInfoDetailView.swift in Sources */,
				A78DA185295C1E590047C5AE /* MyReview.swift in Sources */,
				EAA1A14B295AD3EF00E84C36 /* MyPageLike+ViewModifiers.swift in Sources */,
				A78DA212295C4F940047C5AE /* Bank.swift in Sources */,
				C08D494F296262660035A01D /* QnAListView.swift in Sources */,
				7608E20729628F560060E499 /* MyPageAddressEditView.swift in Sources */,
				A78DA188295C1E590047C5AE /* MyRecentView.swift in Sources */,
				EAA1A14D295BD0C400E84C36 /* PurchaseHistoryDetailView.swift in Sources */,
				A78DA1F4295C44FF0047C5AE /* MyPageInfoEditCheckingView.swift in Sources */,
				EAA1A149295AD1CB00E84C36 /* PurchaseHistoryView.swift in Sources */,
				C4961A63295AAFBC009CB1EC /* SignUpStep1View.swift in Sources */,
				A78DA177295C1CC80047C5AE /* ShoppingBackDetailView.swift in Sources */,
				A78DA21E295C4F9C0047C5AE /* ReadyToPayView.swift in Sources */,
				702BCF88295C601800955AA2 /* ProductDetailModifiers.swift in Sources */,
				A78DA189295C1E590047C5AE /* RecentDetailView.swift in Sources */,
				A78DA187295C1E590047C5AE /* CreateReviewView.swift in Sources */,
				A78DA203295C4CAE0047C5AE /* ProductDetailView.swift in Sources */,
				C4961A65295AAFC8009CB1EC /* SignUpStep2View.swift in Sources */,
				A77EE663295A9A5100B6AA64 /* ContentView.swift in Sources */,
				A78DA18B295C1E590047C5AE /* MyQuestionView.swift in Sources */,
				287EA668296272B90018C42B /* ManageAddressView.swift in Sources */,
				A78DA20A295C4D1E0047C5AE /* ButtonModifier.swift in Sources */,
				A78DA18A295C1E590047C5AE /* DurationSettingView.swift in Sources */,
				EAA1A157295C3F5E00E84C36 /* AddAddressView.swift in Sources */,
				EAA1A147295AD14400E84C36 /* LikedProductsView.swift in Sources */,
				A78DA1F5295C44FF0047C5AE /* MyPageShoppingListView.swift in Sources */,
				A78DA206295C4CAE0047C5AE /* TempViewModel.swift in Sources */,
				A742106E295B40A0005AEC9C /* TermType.swift in Sources */,
				22CC75F62962ADBC00899147 /* Product.swift in Sources */,
				68C75AE3295C2DB500ABC20A /* CustomerInfo.swift in Sources */,
				04E6F06429626BEF00AD8A44 /* Fundamentals.swift in Sources */,
				67C798B7295C0F8000E13A16 /* SafariView.swift in Sources */,
				22CC75F4296274D600899147 /* ReviewDetail.swift in Sources */,
				22CC75F82962AE4A00899147 /* Review.swift in Sources */,
				A77EE661295A9A5100B6AA64 /* big_project_a_customer_iosApp.swift in Sources */,
				0456F63A295AD7EE002389F6 /* HomeMenuView.swift in Sources */,
				EAA1A155295C3F3B00E84C36 /* OrderSheetAddress.swift in Sources */,
				A78DA1F9295C44FF0047C5AE /* MyPageUserModel.swift in Sources */,
			);
			runOnlyForDeploymentPostprocessing = 0;
		};
/* End PBXSourcesBuildPhase section */

/* Begin XCBuildConfiguration section */
		A77EE669295A9A5200B6AA64 /* Debug */ = {
			isa = XCBuildConfiguration;
			buildSettings = {
				ALWAYS_SEARCH_USER_PATHS = NO;
				CLANG_ANALYZER_NONNULL = YES;
				CLANG_ANALYZER_NUMBER_OBJECT_CONVERSION = YES_AGGRESSIVE;
				CLANG_CXX_LANGUAGE_STANDARD = "gnu++20";
				CLANG_ENABLE_MODULES = YES;
				CLANG_ENABLE_OBJC_ARC = YES;
				CLANG_ENABLE_OBJC_WEAK = YES;
				CLANG_WARN_BLOCK_CAPTURE_AUTORELEASING = YES;
				CLANG_WARN_BOOL_CONVERSION = YES;
				CLANG_WARN_COMMA = YES;
				CLANG_WARN_CONSTANT_CONVERSION = YES;
				CLANG_WARN_DEPRECATED_OBJC_IMPLEMENTATIONS = YES;
				CLANG_WARN_DIRECT_OBJC_ISA_USAGE = YES_ERROR;
				CLANG_WARN_DOCUMENTATION_COMMENTS = YES;
				CLANG_WARN_EMPTY_BODY = YES;
				CLANG_WARN_ENUM_CONVERSION = YES;
				CLANG_WARN_INFINITE_RECURSION = YES;
				CLANG_WARN_INT_CONVERSION = YES;
				CLANG_WARN_NON_LITERAL_NULL_CONVERSION = YES;
				CLANG_WARN_OBJC_IMPLICIT_RETAIN_SELF = YES;
				CLANG_WARN_OBJC_LITERAL_CONVERSION = YES;
				CLANG_WARN_OBJC_ROOT_CLASS = YES_ERROR;
				CLANG_WARN_QUOTED_INCLUDE_IN_FRAMEWORK_HEADER = YES;
				CLANG_WARN_RANGE_LOOP_ANALYSIS = YES;
				CLANG_WARN_STRICT_PROTOTYPES = YES;
				CLANG_WARN_SUSPICIOUS_MOVE = YES;
				CLANG_WARN_UNGUARDED_AVAILABILITY = YES_AGGRESSIVE;
				CLANG_WARN_UNREACHABLE_CODE = YES;
				CLANG_WARN__DUPLICATE_METHOD_MATCH = YES;
				COPY_PHASE_STRIP = NO;
				DEBUG_INFORMATION_FORMAT = dwarf;
				ENABLE_STRICT_OBJC_MSGSEND = YES;
				ENABLE_TESTABILITY = YES;
				GCC_C_LANGUAGE_STANDARD = gnu11;
				GCC_DYNAMIC_NO_PIC = NO;
				GCC_NO_COMMON_BLOCKS = YES;
				GCC_OPTIMIZATION_LEVEL = 0;
				GCC_PREPROCESSOR_DEFINITIONS = (
					"DEBUG=1",
					"$(inherited)",
				);
				GCC_WARN_64_TO_32_BIT_CONVERSION = YES;
				GCC_WARN_ABOUT_RETURN_TYPE = YES_ERROR;
				GCC_WARN_UNDECLARED_SELECTOR = YES;
				GCC_WARN_UNINITIALIZED_AUTOS = YES_AGGRESSIVE;
				GCC_WARN_UNUSED_FUNCTION = YES;
				GCC_WARN_UNUSED_VARIABLE = YES;
				IPHONEOS_DEPLOYMENT_TARGET = 16.2;
				MTL_ENABLE_DEBUG_INFO = INCLUDE_SOURCE;
				MTL_FAST_MATH = YES;
				ONLY_ACTIVE_ARCH = YES;
				SDKROOT = iphoneos;
				SWIFT_ACTIVE_COMPILATION_CONDITIONS = DEBUG;
				SWIFT_OPTIMIZATION_LEVEL = "-Onone";
			};
			name = Debug;
		};
		A77EE66A295A9A5200B6AA64 /* Release */ = {
			isa = XCBuildConfiguration;
			buildSettings = {
				ALWAYS_SEARCH_USER_PATHS = NO;
				CLANG_ANALYZER_NONNULL = YES;
				CLANG_ANALYZER_NUMBER_OBJECT_CONVERSION = YES_AGGRESSIVE;
				CLANG_CXX_LANGUAGE_STANDARD = "gnu++20";
				CLANG_ENABLE_MODULES = YES;
				CLANG_ENABLE_OBJC_ARC = YES;
				CLANG_ENABLE_OBJC_WEAK = YES;
				CLANG_WARN_BLOCK_CAPTURE_AUTORELEASING = YES;
				CLANG_WARN_BOOL_CONVERSION = YES;
				CLANG_WARN_COMMA = YES;
				CLANG_WARN_CONSTANT_CONVERSION = YES;
				CLANG_WARN_DEPRECATED_OBJC_IMPLEMENTATIONS = YES;
				CLANG_WARN_DIRECT_OBJC_ISA_USAGE = YES_ERROR;
				CLANG_WARN_DOCUMENTATION_COMMENTS = YES;
				CLANG_WARN_EMPTY_BODY = YES;
				CLANG_WARN_ENUM_CONVERSION = YES;
				CLANG_WARN_INFINITE_RECURSION = YES;
				CLANG_WARN_INT_CONVERSION = YES;
				CLANG_WARN_NON_LITERAL_NULL_CONVERSION = YES;
				CLANG_WARN_OBJC_IMPLICIT_RETAIN_SELF = YES;
				CLANG_WARN_OBJC_LITERAL_CONVERSION = YES;
				CLANG_WARN_OBJC_ROOT_CLASS = YES_ERROR;
				CLANG_WARN_QUOTED_INCLUDE_IN_FRAMEWORK_HEADER = YES;
				CLANG_WARN_RANGE_LOOP_ANALYSIS = YES;
				CLANG_WARN_STRICT_PROTOTYPES = YES;
				CLANG_WARN_SUSPICIOUS_MOVE = YES;
				CLANG_WARN_UNGUARDED_AVAILABILITY = YES_AGGRESSIVE;
				CLANG_WARN_UNREACHABLE_CODE = YES;
				CLANG_WARN__DUPLICATE_METHOD_MATCH = YES;
				COPY_PHASE_STRIP = NO;
				DEBUG_INFORMATION_FORMAT = "dwarf-with-dsym";
				ENABLE_NS_ASSERTIONS = NO;
				ENABLE_STRICT_OBJC_MSGSEND = YES;
				GCC_C_LANGUAGE_STANDARD = gnu11;
				GCC_NO_COMMON_BLOCKS = YES;
				GCC_WARN_64_TO_32_BIT_CONVERSION = YES;
				GCC_WARN_ABOUT_RETURN_TYPE = YES_ERROR;
				GCC_WARN_UNDECLARED_SELECTOR = YES;
				GCC_WARN_UNINITIALIZED_AUTOS = YES_AGGRESSIVE;
				GCC_WARN_UNUSED_FUNCTION = YES;
				GCC_WARN_UNUSED_VARIABLE = YES;
				IPHONEOS_DEPLOYMENT_TARGET = 16.2;
				MTL_ENABLE_DEBUG_INFO = NO;
				MTL_FAST_MATH = YES;
				SDKROOT = iphoneos;
				SWIFT_COMPILATION_MODE = wholemodule;
				SWIFT_OPTIMIZATION_LEVEL = "-O";
				VALIDATE_PRODUCT = YES;
			};
			name = Release;
		};
		A77EE66C295A9A5200B6AA64 /* Debug */ = {
			isa = XCBuildConfiguration;
			buildSettings = {
				ASSETCATALOG_COMPILER_APPICON_NAME = AppIcon;
				ASSETCATALOG_COMPILER_GLOBAL_ACCENT_COLOR_NAME = AccentColor;
				CODE_SIGN_STYLE = Automatic;
				CURRENT_PROJECT_VERSION = 1;
				DEVELOPMENT_ASSET_PATHS = "\"big-project-a-customer-ios/Preview Content\"";
				ENABLE_PREVIEWS = YES;
				EXCLUDED_ARCHS = "";
				GENERATE_INFOPLIST_FILE = YES;
				INFOPLIST_KEY_UIApplicationSceneManifest_Generation = YES;
				INFOPLIST_KEY_UIApplicationSupportsIndirectInputEvents = YES;
				INFOPLIST_KEY_UILaunchScreen_Generation = YES;
				INFOPLIST_KEY_UISupportedInterfaceOrientations_iPad = "UIInterfaceOrientationPortrait UIInterfaceOrientationPortraitUpsideDown UIInterfaceOrientationLandscapeLeft UIInterfaceOrientationLandscapeRight";
				INFOPLIST_KEY_UISupportedInterfaceOrientations_iPhone = "UIInterfaceOrientationPortrait UIInterfaceOrientationLandscapeLeft UIInterfaceOrientationLandscapeRight";
				IPHONEOS_DEPLOYMENT_TARGET = 16.0;
				LD_RUNPATH_SEARCH_PATHS = (
					"$(inherited)",
					"@executable_path/Frameworks",
				);
				MARKETING_VERSION = 1.0;
				PRODUCT_BUNDLE_IDENTIFIER = "com.big-project-a-customer-ios.big-project-a-customer-ios";
				PRODUCT_NAME = "$(TARGET_NAME)";
				SWIFT_EMIT_LOC_STRINGS = YES;
				SWIFT_VERSION = 5.0;
				TARGETED_DEVICE_FAMILY = "1,2";
			};
			name = Debug;
		};
		A77EE66D295A9A5200B6AA64 /* Release */ = {
			isa = XCBuildConfiguration;
			buildSettings = {
				ASSETCATALOG_COMPILER_APPICON_NAME = AppIcon;
				ASSETCATALOG_COMPILER_GLOBAL_ACCENT_COLOR_NAME = AccentColor;
				CODE_SIGN_STYLE = Automatic;
				CURRENT_PROJECT_VERSION = 1;
				DEVELOPMENT_ASSET_PATHS = "\"big-project-a-customer-ios/Preview Content\"";
				ENABLE_PREVIEWS = YES;
				EXCLUDED_ARCHS = "";
				GENERATE_INFOPLIST_FILE = YES;
				INFOPLIST_KEY_UIApplicationSceneManifest_Generation = YES;
				INFOPLIST_KEY_UIApplicationSupportsIndirectInputEvents = YES;
				INFOPLIST_KEY_UILaunchScreen_Generation = YES;
				INFOPLIST_KEY_UISupportedInterfaceOrientations_iPad = "UIInterfaceOrientationPortrait UIInterfaceOrientationPortraitUpsideDown UIInterfaceOrientationLandscapeLeft UIInterfaceOrientationLandscapeRight";
				INFOPLIST_KEY_UISupportedInterfaceOrientations_iPhone = "UIInterfaceOrientationPortrait UIInterfaceOrientationLandscapeLeft UIInterfaceOrientationLandscapeRight";
				IPHONEOS_DEPLOYMENT_TARGET = 16.0;
				LD_RUNPATH_SEARCH_PATHS = (
					"$(inherited)",
					"@executable_path/Frameworks",
				);
				MARKETING_VERSION = 1.0;
				PRODUCT_BUNDLE_IDENTIFIER = "com.big-project-a-customer-ios.big-project-a-customer-ios";
				PRODUCT_NAME = "$(TARGET_NAME)";
				SWIFT_EMIT_LOC_STRINGS = YES;
				SWIFT_VERSION = 5.0;
				TARGETED_DEVICE_FAMILY = "1,2";
			};
			name = Release;
		};
/* End XCBuildConfiguration section */

/* Begin XCConfigurationList section */
		A77EE658295A9A5100B6AA64 /* Build configuration list for PBXProject "big-project-a-customer-ios" */ = {
			isa = XCConfigurationList;
			buildConfigurations = (
				A77EE669295A9A5200B6AA64 /* Debug */,
				A77EE66A295A9A5200B6AA64 /* Release */,
			);
			defaultConfigurationIsVisible = 0;
			defaultConfigurationName = Release;
		};
		A77EE66B295A9A5200B6AA64 /* Build configuration list for PBXNativeTarget "big-project-a-customer-ios" */ = {
			isa = XCConfigurationList;
			buildConfigurations = (
				A77EE66C295A9A5200B6AA64 /* Debug */,
				A77EE66D295A9A5200B6AA64 /* Release */,
			);
			defaultConfigurationIsVisible = 0;
			defaultConfigurationName = Release;
		};
/* End XCConfigurationList section */

/* Begin XCRemoteSwiftPackageReference section */
		67C798B3295BD09100E13A16 /* XCRemoteSwiftPackageReference "PopupView" */ = {
			isa = XCRemoteSwiftPackageReference;
			repositoryURL = "https://github.com/exyte/PopupView";
			requirement = {
				kind = upToNextMajorVersion;
				minimumVersion = 1.0.0;
			};
		};
		A77EE66E295A9A9400B6AA64 /* XCRemoteSwiftPackageReference "firebase-ios-sdk" */ = {
			isa = XCRemoteSwiftPackageReference;
			repositoryURL = "https://github.com/firebase/firebase-ios-sdk";
			requirement = {
				branch = master;
				kind = branch;
			};
		};
/* End XCRemoteSwiftPackageReference section */

/* Begin XCSwiftPackageProductDependency section */
		67C798B4295BD09100E13A16 /* PopupView */ = {
			isa = XCSwiftPackageProductDependency;
			package = 67C798B3295BD09100E13A16 /* XCRemoteSwiftPackageReference "PopupView" */;
			productName = PopupView;
		};
		A77EE66F295A9A9400B6AA64 /* FirebaseAuth */ = {
			isa = XCSwiftPackageProductDependency;
			package = A77EE66E295A9A9400B6AA64 /* XCRemoteSwiftPackageReference "firebase-ios-sdk" */;
			productName = FirebaseAuth;
		};
		A77EE671295A9A9400B6AA64 /* FirebaseFirestore */ = {
			isa = XCSwiftPackageProductDependency;
			package = A77EE66E295A9A9400B6AA64 /* XCRemoteSwiftPackageReference "firebase-ios-sdk" */;
			productName = FirebaseFirestore;
		};
		A77EE673295A9A9400B6AA64 /* FirebaseFirestoreSwift */ = {
			isa = XCSwiftPackageProductDependency;
			package = A77EE66E295A9A9400B6AA64 /* XCRemoteSwiftPackageReference "firebase-ios-sdk" */;
			productName = FirebaseFirestoreSwift;
		};
/* End XCSwiftPackageProductDependency section */
	};
	rootObject = A77EE655295A9A5100B6AA64 /* Project object */;
}
